// !$*UTF8*$!
{
	archiveVersion = 1;
	classes = {
	};
	objectVersion = 50;
	objects = {

/* Begin PBXBuildFile section */
		A007B89AEED44AB0CB7085D5 /* Pods_DIApp.framework in Frameworks */ = {isa = PBXBuildFile; fileRef = 0EB01D1B23CF75FFD7957791 /* Pods_DIApp.framework */; };
		B60FC73120DAE9EF00A3D857 /* UserViewModelTests.swift in Sources */ = {isa = PBXBuildFile; fileRef = B60FC73020DAE9EF00A3D857 /* UserViewModelTests.swift */; };
		B63DA15220D9BD8600BEA8A0 /* MockCreator.swift in Sources */ = {isa = PBXBuildFile; fileRef = B63DA15120D9BD8600BEA8A0 /* MockCreator.swift */; };
		B63DA15420D9BD9000BEA8A0 /* MockUserService.swift in Sources */ = {isa = PBXBuildFile; fileRef = B63DA15320D9BD9000BEA8A0 /* MockUserService.swift */; };
		B64AA49920FA92A9001C32AB /* MockAccountService.swift in Sources */ = {isa = PBXBuildFile; fileRef = B64AA49820FA92A9001C32AB /* MockAccountService.swift */; };
		B64AA49B20FA9336001C32AB /* MockFriendService.swift in Sources */ = {isa = PBXBuildFile; fileRef = B64AA49A20FA9336001C32AB /* MockFriendService.swift */; };
		B64AA49D20FAA1A6001C32AB /* MockHttpClient.swift in Sources */ = {isa = PBXBuildFile; fileRef = B64AA49C20FAA1A6001C32AB /* MockHttpClient.swift */; };
		B64AA4A120FAB245001C32AB /* UserServiceTests.swift in Sources */ = {isa = PBXBuildFile; fileRef = B64AA4A020FAB245001C32AB /* UserServiceTests.swift */; };
		B65F7C7E20FA100900E905D9 /* AccountService.swift in Sources */ = {isa = PBXBuildFile; fileRef = B65F7C7D20FA100900E905D9 /* AccountService.swift */; };
		B65F7C8020FA107C00E905D9 /* FriendService.swift in Sources */ = {isa = PBXBuildFile; fileRef = B65F7C7F20FA107C00E905D9 /* FriendService.swift */; };
		B65F7C8420FA147C00E905D9 /* AnalyticsTracker.swift in Sources */ = {isa = PBXBuildFile; fileRef = B65F7C8320FA147C00E905D9 /* AnalyticsTracker.swift */; };
		B65F7C8620FA153C00E905D9 /* HttpClient.swift in Sources */ = {isa = PBXBuildFile; fileRef = B65F7C8520FA153C00E905D9 /* HttpClient.swift */; };
		B680833220D846CE0090362C /* AppDelegate.swift in Sources */ = {isa = PBXBuildFile; fileRef = B680833120D846CE0090362C /* AppDelegate.swift */; };
		B680833920D846D00090362C /* Assets.xcassets in Resources */ = {isa = PBXBuildFile; fileRef = B680833820D846D00090362C /* Assets.xcassets */; };
		B680833C20D846D00090362C /* LaunchScreen.storyboard in Resources */ = {isa = PBXBuildFile; fileRef = B680833A20D846D00090362C /* LaunchScreen.storyboard */; };
		B6B2C49C20D855760057ABD9 /* UserViewController.swift in Sources */ = {isa = PBXBuildFile; fileRef = B6B2C49B20D855760057ABD9 /* UserViewController.swift */; };
		B6B2C49E20D856FB0057ABD9 /* UserViewController.storyboard in Resources */ = {isa = PBXBuildFile; fileRef = B6B2C49D20D856FB0057ABD9 /* UserViewController.storyboard */; };
		B6B2C4A420D858590057ABD9 /* UserViewModel.swift in Sources */ = {isa = PBXBuildFile; fileRef = B6B2C4A320D858590057ABD9 /* UserViewModel.swift */; };
		B6B2C4D120D85AC20057ABD9 /* Service.swift in Sources */ = {isa = PBXBuildFile; fileRef = B6B2C4C720D85AC20057ABD9 /* Service.swift */; };
		B6B2C4D320D85AC20057ABD9 /* Creator.swift in Sources */ = {isa = PBXBuildFile; fileRef = B6B2C4C920D85AC20057ABD9 /* Creator.swift */; };
		B6B2C4D520D85AC20057ABD9 /* ServiceCreatable.swift in Sources */ = {isa = PBXBuildFile; fileRef = B6B2C4CB20D85AC20057ABD9 /* ServiceCreatable.swift */; };
		B6B2C4D620D85AC20057ABD9 /* UtilityCreatable.swift in Sources */ = {isa = PBXBuildFile; fileRef = B6B2C4CC20D85AC20057ABD9 /* UtilityCreatable.swift */; };
		B6B2C4D820D85AC20057ABD9 /* Creatable.swift in Sources */ = {isa = PBXBuildFile; fileRef = B6B2C4CE20D85AC20057ABD9 /* Creatable.swift */; };
		B6B2C50920D998100057ABD9 /* UserService.swift in Sources */ = {isa = PBXBuildFile; fileRef = B6B2C50820D998100057ABD9 /* UserService.swift */; };
		B6E0560320DC3B43003039CD /* MockAnalyticsTracker.swift in Sources */ = {isa = PBXBuildFile; fileRef = B6E0560220DC3B43003039CD /* MockAnalyticsTracker.swift */; };
		BE5D0DBB2C63F0914B4CE070 /* Pods_DIAppTests.framework in Frameworks */ = {isa = PBXBuildFile; fileRef = E9B49BD1DB0636AFFD09AD64 /* Pods_DIAppTests.framework */; };
/* End PBXBuildFile section */

/* Begin PBXContainerItemProxy section */
		B680834320D846D00090362C /* PBXContainerItemProxy */ = {
			isa = PBXContainerItemProxy;
			containerPortal = B680832620D846CE0090362C /* Project object */;
			proxyType = 1;
			remoteGlobalIDString = B680832D20D846CE0090362C;
			remoteInfo = FruitApp;
		};
/* End PBXContainerItemProxy section */

/* Begin PBXFileReference section */
		0EB01D1B23CF75FFD7957791 /* Pods_DIApp.framework */ = {isa = PBXFileReference; explicitFileType = wrapper.framework; includeInIndex = 0; path = Pods_DIApp.framework; sourceTree = BUILT_PRODUCTS_DIR; };
		4144AE77CAC7E32442BC5BC4 /* Pods-DIApp.debug.xcconfig */ = {isa = PBXFileReference; includeInIndex = 1; lastKnownFileType = text.xcconfig; name = "Pods-DIApp.debug.xcconfig"; path = "Pods/Target Support Files/Pods-DIApp/Pods-DIApp.debug.xcconfig"; sourceTree = "<group>"; };
		5D6EC8EDA278ADFD7A768B91 /* Pods-DIApp.release.xcconfig */ = {isa = PBXFileReference; includeInIndex = 1; lastKnownFileType = text.xcconfig; name = "Pods-DIApp.release.xcconfig"; path = "Pods/Target Support Files/Pods-DIApp/Pods-DIApp.release.xcconfig"; sourceTree = "<group>"; };
		8ED2064639E2196A11E2C039 /* Pods-DIAppTests.debug.xcconfig */ = {isa = PBXFileReference; includeInIndex = 1; lastKnownFileType = text.xcconfig; name = "Pods-DIAppTests.debug.xcconfig"; path = "Pods/Target Support Files/Pods-DIAppTests/Pods-DIAppTests.debug.xcconfig"; sourceTree = "<group>"; };
		B60FC73020DAE9EF00A3D857 /* UserViewModelTests.swift */ = {isa = PBXFileReference; fileEncoding = 4; lastKnownFileType = sourcecode.swift; path = UserViewModelTests.swift; sourceTree = "<group>"; };
		B63DA15120D9BD8600BEA8A0 /* MockCreator.swift */ = {isa = PBXFileReference; fileEncoding = 4; lastKnownFileType = sourcecode.swift; path = MockCreator.swift; sourceTree = "<group>"; };
		B63DA15320D9BD9000BEA8A0 /* MockUserService.swift */ = {isa = PBXFileReference; fileEncoding = 4; lastKnownFileType = sourcecode.swift; path = MockUserService.swift; sourceTree = "<group>"; };
		B64AA49820FA92A9001C32AB /* MockAccountService.swift */ = {isa = PBXFileReference; lastKnownFileType = sourcecode.swift; path = MockAccountService.swift; sourceTree = "<group>"; };
		B64AA49A20FA9336001C32AB /* MockFriendService.swift */ = {isa = PBXFileReference; lastKnownFileType = sourcecode.swift; path = MockFriendService.swift; sourceTree = "<group>"; };
		B64AA49C20FAA1A6001C32AB /* MockHttpClient.swift */ = {isa = PBXFileReference; lastKnownFileType = sourcecode.swift; path = MockHttpClient.swift; sourceTree = "<group>"; };
		B64AA4A020FAB245001C32AB /* UserServiceTests.swift */ = {isa = PBXFileReference; lastKnownFileType = sourcecode.swift; path = UserServiceTests.swift; sourceTree = "<group>"; };
		B65F7C7D20FA100900E905D9 /* AccountService.swift */ = {isa = PBXFileReference; lastKnownFileType = sourcecode.swift; path = AccountService.swift; sourceTree = "<group>"; };
		B65F7C7F20FA107C00E905D9 /* FriendService.swift */ = {isa = PBXFileReference; lastKnownFileType = sourcecode.swift; path = FriendService.swift; sourceTree = "<group>"; };
		B65F7C8320FA147C00E905D9 /* AnalyticsTracker.swift */ = {isa = PBXFileReference; lastKnownFileType = sourcecode.swift; path = AnalyticsTracker.swift; sourceTree = "<group>"; };
		B65F7C8520FA153C00E905D9 /* HttpClient.swift */ = {isa = PBXFileReference; lastKnownFileType = sourcecode.swift; path = HttpClient.swift; sourceTree = "<group>"; };
		B680832E20D846CE0090362C /* DIApp.app */ = {isa = PBXFileReference; explicitFileType = wrapper.application; includeInIndex = 0; path = DIApp.app; sourceTree = BUILT_PRODUCTS_DIR; };
		B680833120D846CE0090362C /* AppDelegate.swift */ = {isa = PBXFileReference; lastKnownFileType = sourcecode.swift; path = AppDelegate.swift; sourceTree = "<group>"; };
		B680833820D846D00090362C /* Assets.xcassets */ = {isa = PBXFileReference; lastKnownFileType = folder.assetcatalog; path = Assets.xcassets; sourceTree = "<group>"; };
		B680833B20D846D00090362C /* Base */ = {isa = PBXFileReference; lastKnownFileType = file.storyboard; name = Base; path = Base.lproj/LaunchScreen.storyboard; sourceTree = "<group>"; };
		B680833D20D846D00090362C /* Info.plist */ = {isa = PBXFileReference; lastKnownFileType = text.plist.xml; path = Info.plist; sourceTree = "<group>"; };
		B680834220D846D00090362C /* DIAppTests.xctest */ = {isa = PBXFileReference; explicitFileType = wrapper.cfbundle; includeInIndex = 0; path = DIAppTests.xctest; sourceTree = BUILT_PRODUCTS_DIR; };
		B680834820D846D00090362C /* Info.plist */ = {isa = PBXFileReference; lastKnownFileType = text.plist.xml; path = Info.plist; sourceTree = "<group>"; };
		B6B2C49B20D855760057ABD9 /* UserViewController.swift */ = {isa = PBXFileReference; lastKnownFileType = sourcecode.swift; path = UserViewController.swift; sourceTree = "<group>"; };
		B6B2C49D20D856FB0057ABD9 /* UserViewController.storyboard */ = {isa = PBXFileReference; lastKnownFileType = file.storyboard; path = UserViewController.storyboard; sourceTree = "<group>"; };
		B6B2C4A320D858590057ABD9 /* UserViewModel.swift */ = {isa = PBXFileReference; lastKnownFileType = sourcecode.swift; path = UserViewModel.swift; sourceTree = "<group>"; };
		B6B2C4C720D85AC20057ABD9 /* Service.swift */ = {isa = PBXFileReference; fileEncoding = 4; lastKnownFileType = sourcecode.swift; path = Service.swift; sourceTree = "<group>"; };
		B6B2C4C920D85AC20057ABD9 /* Creator.swift */ = {isa = PBXFileReference; fileEncoding = 4; lastKnownFileType = sourcecode.swift; path = Creator.swift; sourceTree = "<group>"; };
		B6B2C4CB20D85AC20057ABD9 /* ServiceCreatable.swift */ = {isa = PBXFileReference; fileEncoding = 4; lastKnownFileType = sourcecode.swift; path = ServiceCreatable.swift; sourceTree = "<group>"; };
		B6B2C4CC20D85AC20057ABD9 /* UtilityCreatable.swift */ = {isa = PBXFileReference; fileEncoding = 4; lastKnownFileType = sourcecode.swift; path = UtilityCreatable.swift; sourceTree = "<group>"; };
		B6B2C4CE20D85AC20057ABD9 /* Creatable.swift */ = {isa = PBXFileReference; fileEncoding = 4; lastKnownFileType = sourcecode.swift; path = Creatable.swift; sourceTree = "<group>"; };
		B6B2C50820D998100057ABD9 /* UserService.swift */ = {isa = PBXFileReference; lastKnownFileType = sourcecode.swift; path = UserService.swift; sourceTree = "<group>"; };
		B6E0560220DC3B43003039CD /* MockAnalyticsTracker.swift */ = {isa = PBXFileReference; lastKnownFileType = sourcecode.swift; path = MockAnalyticsTracker.swift; sourceTree = "<group>"; };
		E125B33C475A505BBC1CF8D1 /* Pods-DIAppTests.release.xcconfig */ = {isa = PBXFileReference; includeInIndex = 1; lastKnownFileType = text.xcconfig; name = "Pods-DIAppTests.release.xcconfig"; path = "Pods/Target Support Files/Pods-DIAppTests/Pods-DIAppTests.release.xcconfig"; sourceTree = "<group>"; };
		E9B49BD1DB0636AFFD09AD64 /* Pods_DIAppTests.framework */ = {isa = PBXFileReference; explicitFileType = wrapper.framework; includeInIndex = 0; path = Pods_DIAppTests.framework; sourceTree = BUILT_PRODUCTS_DIR; };
/* End PBXFileReference section */

/* Begin PBXFrameworksBuildPhase section */
		B680832B20D846CE0090362C /* Frameworks */ = {
			isa = PBXFrameworksBuildPhase;
			buildActionMask = 2147483647;
			files = (
				A007B89AEED44AB0CB7085D5 /* Pods_DIApp.framework in Frameworks */,
			);
			runOnlyForDeploymentPostprocessing = 0;
		};
		B680833F20D846D00090362C /* Frameworks */ = {
			isa = PBXFrameworksBuildPhase;
			buildActionMask = 2147483647;
			files = (
				BE5D0DBB2C63F0914B4CE070 /* Pods_DIAppTests.framework in Frameworks */,
			);
			runOnlyForDeploymentPostprocessing = 0;
		};
/* End PBXFrameworksBuildPhase section */

/* Begin PBXGroup section */
		8E05E5381D4A8F8B027A73BA /* Pods */ = {
			isa = PBXGroup;
			children = (
				4144AE77CAC7E32442BC5BC4 /* Pods-DIApp.debug.xcconfig */,
				5D6EC8EDA278ADFD7A768B91 /* Pods-DIApp.release.xcconfig */,
				8ED2064639E2196A11E2C039 /* Pods-DIAppTests.debug.xcconfig */,
				E125B33C475A505BBC1CF8D1 /* Pods-DIAppTests.release.xcconfig */,
			);
			name = Pods;
			sourceTree = "<group>";
		};
		B63DA15720D9BFFE00BEA8A0 /* User */ = {
			isa = PBXGroup;
			children = (
				B63DA15A20D9C01A00BEA8A0 /* viewmodel */,
				B64AA49F20FAB21A001C32AB /* service */,
			);
			path = User;
			sourceTree = "<group>";
		};
		B63DA15A20D9C01A00BEA8A0 /* viewmodel */ = {
			isa = PBXGroup;
			children = (
				B60FC73020DAE9EF00A3D857 /* UserViewModelTests.swift */,
			);
			path = viewmodel;
			sourceTree = "<group>";
		};
		B64AA49720FA804C001C32AB /* util */ = {
			isa = PBXGroup;
			children = (
				B65F7C8320FA147C00E905D9 /* AnalyticsTracker.swift */,
				B65F7C8520FA153C00E905D9 /* HttpClient.swift */,
			);
			path = util;
			sourceTree = "<group>";
		};
		B64AA49F20FAB21A001C32AB /* service */ = {
			isa = PBXGroup;
			children = (
				B64AA4A020FAB245001C32AB /* UserServiceTests.swift */,
			);
			path = service;
			sourceTree = "<group>";
		};
		B65F7C7B20FA0F3E00E905D9 /* Shared */ = {
			isa = PBXGroup;
			children = (
				B64AA49720FA804C001C32AB /* util */,
				B6B2C4C920D85AC20057ABD9 /* Creator.swift */,
				B6B2C4CE20D85AC20057ABD9 /* Creatable.swift */,
				B6B2C4CB20D85AC20057ABD9 /* ServiceCreatable.swift */,
				B6B2C4CC20D85AC20057ABD9 /* UtilityCreatable.swift */,
			);
			path = Shared;
			sourceTree = "<group>";
		};
		B680832520D846CE0090362C = {
			isa = PBXGroup;
			children = (
				B680833020D846CE0090362C /* DIApp */,
				B680834520D846D00090362C /* DIAppTests */,
				B680832F20D846CE0090362C /* Products */,
				8E05E5381D4A8F8B027A73BA /* Pods */,
				E675A959EF80F6558EAC82B0 /* Frameworks */,
			);
			sourceTree = "<group>";
		};
		B680832F20D846CE0090362C /* Products */ = {
			isa = PBXGroup;
			children = (
				B680832E20D846CE0090362C /* DIApp.app */,
				B680834220D846D00090362C /* DIAppTests.xctest */,
			);
			name = Products;
			sourceTree = "<group>";
		};
		B680833020D846CE0090362C /* DIApp */ = {
			isa = PBXGroup;
			children = (
				B6B2C49420D853470057ABD9 /* App */,
				B6B2C49920D854BD0057ABD9 /* User */,
				B65F7C7B20FA0F3E00E905D9 /* Shared */,
				B6B2C48D20D84A8E0057ABD9 /* SupportFiles */,
				B680833D20D846D00090362C /* Info.plist */,
			);
			path = DIApp;
			sourceTree = "<group>";
		};
		B680834520D846D00090362C /* DIAppTests */ = {
			isa = PBXGroup;
			children = (
				B63DA15720D9BFFE00BEA8A0 /* User */,
				B6B2C54320D9AE6B0057ABD9 /* Mocks */,
				B680834820D846D00090362C /* Info.plist */,
			);
			path = DIAppTests;
			sourceTree = "<group>";
		};
		B6B2C48D20D84A8E0057ABD9 /* SupportFiles */ = {
			isa = PBXGroup;
			children = (
				B680833820D846D00090362C /* Assets.xcassets */,
				B680833A20D846D00090362C /* LaunchScreen.storyboard */,
			);
			path = SupportFiles;
			sourceTree = "<group>";
		};
		B6B2C49420D853470057ABD9 /* App */ = {
			isa = PBXGroup;
			children = (
				B680833120D846CE0090362C /* AppDelegate.swift */,
			);
			path = App;
			sourceTree = "<group>";
		};
		B6B2C49920D854BD0057ABD9 /* User */ = {
			isa = PBXGroup;
			children = (
				B6B2C4A220D8584D0057ABD9 /* viewmodel */,
				B6B2C49A20D854C70057ABD9 /* viewcontroller */,
				B6B2C50720D998000057ABD9 /* service */,
			);
			path = User;
			sourceTree = "<group>";
		};
		B6B2C49A20D854C70057ABD9 /* viewcontroller */ = {
			isa = PBXGroup;
			children = (
				B6B2C49B20D855760057ABD9 /* UserViewController.swift */,
				B6B2C49D20D856FB0057ABD9 /* UserViewController.storyboard */,
			);
			path = viewcontroller;
			sourceTree = "<group>";
		};
		B6B2C4A220D8584D0057ABD9 /* viewmodel */ = {
			isa = PBXGroup;
			children = (
				B6B2C4A320D858590057ABD9 /* UserViewModel.swift */,
			);
			path = viewmodel;
			sourceTree = "<group>";
		};
		B6B2C50720D998000057ABD9 /* service */ = {
			isa = PBXGroup;
			children = (
				B6B2C50820D998100057ABD9 /* UserService.swift */,
				B65F7C7D20FA100900E905D9 /* AccountService.swift */,
				B65F7C7F20FA107C00E905D9 /* FriendService.swift */,
				B6B2C4C720D85AC20057ABD9 /* Service.swift */,
			);
			path = service;
			sourceTree = "<group>";
		};
		B6B2C54320D9AE6B0057ABD9 /* Mocks */ = {
			isa = PBXGroup;
			children = (
				B63DA15120D9BD8600BEA8A0 /* MockCreator.swift */,
				B63DA15320D9BD9000BEA8A0 /* MockUserService.swift */,
				B6E0560220DC3B43003039CD /* MockAnalyticsTracker.swift */,
				B64AA49820FA92A9001C32AB /* MockAccountService.swift */,
				B64AA49A20FA9336001C32AB /* MockFriendService.swift */,
				B64AA49C20FAA1A6001C32AB /* MockHttpClient.swift */,
			);
			path = Mocks;
			sourceTree = "<group>";
		};
		E675A959EF80F6558EAC82B0 /* Frameworks */ = {
			isa = PBXGroup;
			children = (
				0EB01D1B23CF75FFD7957791 /* Pods_DIApp.framework */,
				E9B49BD1DB0636AFFD09AD64 /* Pods_DIAppTests.framework */,
			);
			name = Frameworks;
			sourceTree = "<group>";
		};
/* End PBXGroup section */

/* Begin PBXNativeTarget section */
		B680832D20D846CE0090362C /* DIApp */ = {
			isa = PBXNativeTarget;
			buildConfigurationList = B680834B20D846D00090362C /* Build configuration list for PBXNativeTarget "DIApp" */;
			buildPhases = (
				25ED4E0CAB19CDA723552C1D /* [CP] Check Pods Manifest.lock */,
				B680832A20D846CE0090362C /* Sources */,
				B680832B20D846CE0090362C /* Frameworks */,
				B680832C20D846CE0090362C /* Resources */,
				B6B2C48E20D84ACA0057ABD9 /* SwiftLint */,
				E806913DFC96E0690735C3F2 /* [CP] Embed Pods Frameworks */,
			);
			buildRules = (
			);
			dependencies = (
			);
			name = DIApp;
			productName = FruitApp;
			productReference = B680832E20D846CE0090362C /* DIApp.app */;
			productType = "com.apple.product-type.application";
		};
		B680834120D846D00090362C /* DIAppTests */ = {
			isa = PBXNativeTarget;
			buildConfigurationList = B680834E20D846D00090362C /* Build configuration list for PBXNativeTarget "DIAppTests" */;
			buildPhases = (
				DEF14CC259F03ADA1ED3C03D /* [CP] Check Pods Manifest.lock */,
				B680833E20D846D00090362C /* Sources */,
				B680833F20D846D00090362C /* Frameworks */,
				B680834020D846D00090362C /* Resources */,
				FB7BE284628165AF8A446255 /* [CP] Embed Pods Frameworks */,
			);
			buildRules = (
			);
			dependencies = (
				B680834420D846D00090362C /* PBXTargetDependency */,
			);
			name = DIAppTests;
			productName = FruitAppTests;
			productReference = B680834220D846D00090362C /* DIAppTests.xctest */;
			productType = "com.apple.product-type.bundle.unit-test";
		};
/* End PBXNativeTarget section */

/* Begin PBXProject section */
		B680832620D846CE0090362C /* Project object */ = {
			isa = PBXProject;
			attributes = {
				LastSwiftUpdateCheck = 0940;
				LastUpgradeCheck = 0940;
				ORGANIZATIONNAME = bbc;
				TargetAttributes = {
					B680832D20D846CE0090362C = {
						CreatedOnToolsVersion = 9.4.1;
					};
					B680834120D846D00090362C = {
						CreatedOnToolsVersion = 9.4.1;
						TestTargetID = B680832D20D846CE0090362C;
					};
				};
			};
			buildConfigurationList = B680832920D846CE0090362C /* Build configuration list for PBXProject "DIApp" */;
			compatibilityVersion = "Xcode 9.3";
			developmentRegion = en;
			hasScannedForEncodings = 0;
			knownRegions = (
				en,
				Base,
			);
			mainGroup = B680832520D846CE0090362C;
			productRefGroup = B680832F20D846CE0090362C /* Products */;
			projectDirPath = "";
			projectRoot = "";
			targets = (
				B680832D20D846CE0090362C /* DIApp */,
				B680834120D846D00090362C /* DIAppTests */,
			);
		};
/* End PBXProject section */

/* Begin PBXResourcesBuildPhase section */
		B680832C20D846CE0090362C /* Resources */ = {
			isa = PBXResourcesBuildPhase;
			buildActionMask = 2147483647;
			files = (
				B680833C20D846D00090362C /* LaunchScreen.storyboard in Resources */,
				B680833920D846D00090362C /* Assets.xcassets in Resources */,
				B6B2C49E20D856FB0057ABD9 /* UserViewController.storyboard in Resources */,
			);
			runOnlyForDeploymentPostprocessing = 0;
		};
		B680834020D846D00090362C /* Resources */ = {
			isa = PBXResourcesBuildPhase;
			buildActionMask = 2147483647;
			files = (
			);
			runOnlyForDeploymentPostprocessing = 0;
		};
/* End PBXResourcesBuildPhase section */

/* Begin PBXShellScriptBuildPhase section */
		25ED4E0CAB19CDA723552C1D /* [CP] Check Pods Manifest.lock */ = {
			isa = PBXShellScriptBuildPhase;
			buildActionMask = 2147483647;
			files = (
			);
			inputPaths = (
				"${PODS_PODFILE_DIR_PATH}/Podfile.lock",
				"${PODS_ROOT}/Manifest.lock",
			);
			name = "[CP] Check Pods Manifest.lock";
			outputPaths = (
				"$(DERIVED_FILE_DIR)/Pods-DIApp-checkManifestLockResult.txt",
			);
			runOnlyForDeploymentPostprocessing = 0;
			shellPath = /bin/sh;
			shellScript = "diff \"${PODS_PODFILE_DIR_PATH}/Podfile.lock\" \"${PODS_ROOT}/Manifest.lock\" > /dev/null\nif [ $? != 0 ] ; then\n    # print error to STDERR\n    echo \"error: The sandbox is not in sync with the Podfile.lock. Run 'pod install' or update your CocoaPods installation.\" >&2\n    exit 1\nfi\n# This output is used by Xcode 'outputs' to avoid re-running this script phase.\necho \"SUCCESS\" > \"${SCRIPT_OUTPUT_FILE_0}\"\n";
			showEnvVarsInLog = 0;
		};
		B6B2C48E20D84ACA0057ABD9 /* SwiftLint */ = {
			isa = PBXShellScriptBuildPhase;
			buildActionMask = 2147483647;
			files = (
			);
			inputPaths = (
			);
			name = SwiftLint;
			outputPaths = (
			);
			runOnlyForDeploymentPostprocessing = 0;
			shellPath = /bin/sh;
			shellScript = "\"${PODS_ROOT}/SwiftLint/swiftlint\" --config \"$SRCROOT/.swiftlint.yml\"\necho \"swift lint run\"";
		};
		DEF14CC259F03ADA1ED3C03D /* [CP] Check Pods Manifest.lock */ = {
			isa = PBXShellScriptBuildPhase;
			buildActionMask = 2147483647;
			files = (
			);
			inputPaths = (
				"${PODS_PODFILE_DIR_PATH}/Podfile.lock",
				"${PODS_ROOT}/Manifest.lock",
			);
			name = "[CP] Check Pods Manifest.lock";
			outputPaths = (
				"$(DERIVED_FILE_DIR)/Pods-DIAppTests-checkManifestLockResult.txt",
			);
			runOnlyForDeploymentPostprocessing = 0;
			shellPath = /bin/sh;
			shellScript = "diff \"${PODS_PODFILE_DIR_PATH}/Podfile.lock\" \"${PODS_ROOT}/Manifest.lock\" > /dev/null\nif [ $? != 0 ] ; then\n    # print error to STDERR\n    echo \"error: The sandbox is not in sync with the Podfile.lock. Run 'pod install' or update your CocoaPods installation.\" >&2\n    exit 1\nfi\n# This output is used by Xcode 'outputs' to avoid re-running this script phase.\necho \"SUCCESS\" > \"${SCRIPT_OUTPUT_FILE_0}\"\n";
			showEnvVarsInLog = 0;
		};
		E806913DFC96E0690735C3F2 /* [CP] Embed Pods Frameworks */ = {
			isa = PBXShellScriptBuildPhase;
			buildActionMask = 2147483647;
			files = (
			);
			inputPaths = (
				"${SRCROOT}/Pods/Target Support Files/Pods-DIApp/Pods-DIApp-frameworks.sh",
				"${BUILT_PRODUCTS_DIR}/RxCocoa/RxCocoa.framework",
				"${BUILT_PRODUCTS_DIR}/RxSwift/RxSwift.framework",
			);
			name = "[CP] Embed Pods Frameworks";
			outputPaths = (
				"${TARGET_BUILD_DIR}/${FRAMEWORKS_FOLDER_PATH}/RxCocoa.framework",
				"${TARGET_BUILD_DIR}/${FRAMEWORKS_FOLDER_PATH}/RxSwift.framework",
			);
			runOnlyForDeploymentPostprocessing = 0;
			shellPath = /bin/sh;
			shellScript = "\"${SRCROOT}/Pods/Target Support Files/Pods-DIApp/Pods-DIApp-frameworks.sh\"\n";
			showEnvVarsInLog = 0;
		};
		FB7BE284628165AF8A446255 /* [CP] Embed Pods Frameworks */ = {
			isa = PBXShellScriptBuildPhase;
			buildActionMask = 2147483647;
			files = (
			);
			inputPaths = (
				"${SRCROOT}/Pods/Target Support Files/Pods-DIAppTests/Pods-DIAppTests-frameworks.sh",
				"${BUILT_PRODUCTS_DIR}/RxCocoa/RxCocoa.framework",
				"${BUILT_PRODUCTS_DIR}/RxSwift/RxSwift.framework",
				"${BUILT_PRODUCTS_DIR}/OHHTTPStubs/OHHTTPStubs.framework",
			);
			name = "[CP] Embed Pods Frameworks";
			outputPaths = (
				"${TARGET_BUILD_DIR}/${FRAMEWORKS_FOLDER_PATH}/RxCocoa.framework",
				"${TARGET_BUILD_DIR}/${FRAMEWORKS_FOLDER_PATH}/RxSwift.framework",
				"${TARGET_BUILD_DIR}/${FRAMEWORKS_FOLDER_PATH}/OHHTTPStubs.framework",
			);
			runOnlyForDeploymentPostprocessing = 0;
			shellPath = /bin/sh;
			shellScript = "\"${SRCROOT}/Pods/Target Support Files/Pods-DIAppTests/Pods-DIAppTests-frameworks.sh\"\n";
			showEnvVarsInLog = 0;
		};
/* End PBXShellScriptBuildPhase section */

/* Begin PBXSourcesBuildPhase section */
		B680832A20D846CE0090362C /* Sources */ = {
			isa = PBXSourcesBuildPhase;
			buildActionMask = 2147483647;
			files = (
				B65F7C8020FA107C00E905D9 /* FriendService.swift in Sources */,
				B6B2C4D820D85AC20057ABD9 /* Creatable.swift in Sources */,
				B6B2C4D320D85AC20057ABD9 /* Creator.swift in Sources */,
				B6B2C49C20D855760057ABD9 /* UserViewController.swift in Sources */,
				B65F7C8620FA153C00E905D9 /* HttpClient.swift in Sources */,
				B680833220D846CE0090362C /* AppDelegate.swift in Sources */,
				B6B2C4D620D85AC20057ABD9 /* UtilityCreatable.swift in Sources */,
				B6B2C4D120D85AC20057ABD9 /* Service.swift in Sources */,
				B6B2C50920D998100057ABD9 /* UserService.swift in Sources */,
				B65F7C7E20FA100900E905D9 /* AccountService.swift in Sources */,
				B6B2C4A420D858590057ABD9 /* UserViewModel.swift in Sources */,
				B65F7C8420FA147C00E905D9 /* AnalyticsTracker.swift in Sources */,
				B6B2C4D520D85AC20057ABD9 /* ServiceCreatable.swift in Sources */,
			);
			runOnlyForDeploymentPostprocessing = 0;
		};
		B680833E20D846D00090362C /* Sources */ = {
			isa = PBXSourcesBuildPhase;
			buildActionMask = 2147483647;
			files = (
				B64AA49920FA92A9001C32AB /* MockAccountService.swift in Sources */,
				B63DA15220D9BD8600BEA8A0 /* MockCreator.swift in Sources */,
				B64AA49D20FAA1A6001C32AB /* MockHttpClient.swift in Sources */,
				B6E0560320DC3B43003039CD /* MockAnalyticsTracker.swift in Sources */,
				B64AA4A120FAB245001C32AB /* UserServiceTests.swift in Sources */,
				B64AA49B20FA9336001C32AB /* MockFriendService.swift in Sources */,
				B60FC73120DAE9EF00A3D857 /* UserViewModelTests.swift in Sources */,
				B63DA15420D9BD9000BEA8A0 /* MockUserService.swift in Sources */,
			);
			runOnlyForDeploymentPostprocessing = 0;
		};
/* End PBXSourcesBuildPhase section */

/* Begin PBXTargetDependency section */
		B680834420D846D00090362C /* PBXTargetDependency */ = {
			isa = PBXTargetDependency;
			target = B680832D20D846CE0090362C /* DIApp */;
			targetProxy = B680834320D846D00090362C /* PBXContainerItemProxy */;
		};
/* End PBXTargetDependency section */

/* Begin PBXVariantGroup section */
		B680833A20D846D00090362C /* LaunchScreen.storyboard */ = {
			isa = PBXVariantGroup;
			children = (
				B680833B20D846D00090362C /* Base */,
			);
			name = LaunchScreen.storyboard;
			sourceTree = "<group>";
		};
/* End PBXVariantGroup section */

/* Begin XCBuildConfiguration section */
		B680834920D846D00090362C /* Debug */ = {
			isa = XCBuildConfiguration;
			buildSettings = {
				ALWAYS_SEARCH_USER_PATHS = NO;
				CLANG_ANALYZER_NONNULL = YES;
				CLANG_ANALYZER_NUMBER_OBJECT_CONVERSION = YES_AGGRESSIVE;
				CLANG_CXX_LANGUAGE_STANDARD = "gnu++14";
				CLANG_CXX_LIBRARY = "libc++";
				CLANG_ENABLE_MODULES = YES;
				CLANG_ENABLE_OBJC_ARC = YES;
				CLANG_ENABLE_OBJC_WEAK = YES;
				CLANG_WARN_BLOCK_CAPTURE_AUTORELEASING = YES;
				CLANG_WARN_BOOL_CONVERSION = YES;
				CLANG_WARN_COMMA = YES;
				CLANG_WARN_CONSTANT_CONVERSION = YES;
				CLANG_WARN_DEPRECATED_OBJC_IMPLEMENTATIONS = YES;
				CLANG_WARN_DIRECT_OBJC_ISA_USAGE = YES_ERROR;
				CLANG_WARN_DOCUMENTATION_COMMENTS = YES;
				CLANG_WARN_EMPTY_BODY = YES;
				CLANG_WARN_ENUM_CONVERSION = YES;
				CLANG_WARN_INFINITE_RECURSION = YES;
				CLANG_WARN_INT_CONVERSION = YES;
				CLANG_WARN_NON_LITERAL_NULL_CONVERSION = YES;
				CLANG_WARN_OBJC_IMPLICIT_RETAIN_SELF = YES;
				CLANG_WARN_OBJC_LITERAL_CONVERSION = YES;
				CLANG_WARN_OBJC_ROOT_CLASS = YES_ERROR;
				CLANG_WARN_RANGE_LOOP_ANALYSIS = YES;
				CLANG_WARN_STRICT_PROTOTYPES = YES;
				CLANG_WARN_SUSPICIOUS_MOVE = YES;
				CLANG_WARN_UNGUARDED_AVAILABILITY = YES_AGGRESSIVE;
				CLANG_WARN_UNREACHABLE_CODE = YES;
				CLANG_WARN__DUPLICATE_METHOD_MATCH = YES;
				CODE_SIGN_IDENTITY = "iPhone Developer";
				COPY_PHASE_STRIP = NO;
				DEBUG_INFORMATION_FORMAT = dwarf;
				ENABLE_STRICT_OBJC_MSGSEND = YES;
				ENABLE_TESTABILITY = YES;
				GCC_C_LANGUAGE_STANDARD = gnu11;
				GCC_DYNAMIC_NO_PIC = NO;
				GCC_NO_COMMON_BLOCKS = YES;
				GCC_OPTIMIZATION_LEVEL = 0;
				GCC_PREPROCESSOR_DEFINITIONS = (
					"DEBUG=1",
					"$(inherited)",
				);
				GCC_WARN_64_TO_32_BIT_CONVERSION = YES;
				GCC_WARN_ABOUT_RETURN_TYPE = YES_ERROR;
				GCC_WARN_UNDECLARED_SELECTOR = YES;
				GCC_WARN_UNINITIALIZED_AUTOS = YES_AGGRESSIVE;
				GCC_WARN_UNUSED_FUNCTION = YES;
				GCC_WARN_UNUSED_VARIABLE = YES;
				IPHONEOS_DEPLOYMENT_TARGET = 10.0;
				MTL_ENABLE_DEBUG_INFO = YES;
				ONLY_ACTIVE_ARCH = YES;
				SDKROOT = iphoneos;
				SWIFT_ACTIVE_COMPILATION_CONDITIONS = DEBUG;
				SWIFT_OPTIMIZATION_LEVEL = "-Onone";
			};
			name = Debug;
		};
		B680834A20D846D00090362C /* Release */ = {
			isa = XCBuildConfiguration;
			buildSettings = {
				ALWAYS_SEARCH_USER_PATHS = NO;
				CLANG_ANALYZER_NONNULL = YES;
				CLANG_ANALYZER_NUMBER_OBJECT_CONVERSION = YES_AGGRESSIVE;
				CLANG_CXX_LANGUAGE_STANDARD = "gnu++14";
				CLANG_CXX_LIBRARY = "libc++";
				CLANG_ENABLE_MODULES = YES;
				CLANG_ENABLE_OBJC_ARC = YES;
				CLANG_ENABLE_OBJC_WEAK = YES;
				CLANG_WARN_BLOCK_CAPTURE_AUTORELEASING = YES;
				CLANG_WARN_BOOL_CONVERSION = YES;
				CLANG_WARN_COMMA = YES;
				CLANG_WARN_CONSTANT_CONVERSION = YES;
				CLANG_WARN_DEPRECATED_OBJC_IMPLEMENTATIONS = YES;
				CLANG_WARN_DIRECT_OBJC_ISA_USAGE = YES_ERROR;
				CLANG_WARN_DOCUMENTATION_COMMENTS = YES;
				CLANG_WARN_EMPTY_BODY = YES;
				CLANG_WARN_ENUM_CONVERSION = YES;
				CLANG_WARN_INFINITE_RECURSION = YES;
				CLANG_WARN_INT_CONVERSION = YES;
				CLANG_WARN_NON_LITERAL_NULL_CONVERSION = YES;
				CLANG_WARN_OBJC_IMPLICIT_RETAIN_SELF = YES;
				CLANG_WARN_OBJC_LITERAL_CONVERSION = YES;
				CLANG_WARN_OBJC_ROOT_CLASS = YES_ERROR;
				CLANG_WARN_RANGE_LOOP_ANALYSIS = YES;
				CLANG_WARN_STRICT_PROTOTYPES = YES;
				CLANG_WARN_SUSPICIOUS_MOVE = YES;
				CLANG_WARN_UNGUARDED_AVAILABILITY = YES_AGGRESSIVE;
				CLANG_WARN_UNREACHABLE_CODE = YES;
				CLANG_WARN__DUPLICATE_METHOD_MATCH = YES;
				CODE_SIGN_IDENTITY = "iPhone Developer";
				COPY_PHASE_STRIP = NO;
				DEBUG_INFORMATION_FORMAT = "dwarf-with-dsym";
				ENABLE_NS_ASSERTIONS = NO;
				ENABLE_STRICT_OBJC_MSGSEND = YES;
				GCC_C_LANGUAGE_STANDARD = gnu11;
				GCC_NO_COMMON_BLOCKS = YES;
				GCC_WARN_64_TO_32_BIT_CONVERSION = YES;
				GCC_WARN_ABOUT_RETURN_TYPE = YES_ERROR;
				GCC_WARN_UNDECLARED_SELECTOR = YES;
				GCC_WARN_UNINITIALIZED_AUTOS = YES_AGGRESSIVE;
				GCC_WARN_UNUSED_FUNCTION = YES;
				GCC_WARN_UNUSED_VARIABLE = YES;
				IPHONEOS_DEPLOYMENT_TARGET = 10.0;
				MTL_ENABLE_DEBUG_INFO = NO;
				SDKROOT = iphoneos;
				SWIFT_COMPILATION_MODE = wholemodule;
				SWIFT_OPTIMIZATION_LEVEL = "-O";
				VALIDATE_PRODUCT = YES;
			};
			name = Release;
		};
		B680834C20D846D00090362C /* Debug */ = {
			isa = XCBuildConfiguration;
			baseConfigurationReference = 4144AE77CAC7E32442BC5BC4 /* Pods-DIApp.debug.xcconfig */;
			buildSettings = {
				ALWAYS_EMBED_SWIFT_STANDARD_LIBRARIES = "$(inherited)";
				ASSETCATALOG_COMPILER_APPICON_NAME = AppIcon;
				CODE_SIGN_STYLE = Automatic;
				DEVELOPMENT_TEAM = BDD95TS3QC;
				INFOPLIST_FILE = "$(SRCROOT)/DIApp/Info.plist";
				LD_RUNPATH_SEARCH_PATHS = (
					"$(inherited)",
					"@executable_path/Frameworks",
				);
				PRODUCT_BUNDLE_IDENTIFIER = com.km.ios.diapp;
				PRODUCT_NAME = "$(TARGET_NAME)";
				SWIFT_VERSION = 4.0;
				TARGETED_DEVICE_FAMILY = "1,2";
			};
			name = Debug;
		};
		B680834D20D846D00090362C /* Release */ = {
			isa = XCBuildConfiguration;
			baseConfigurationReference = 5D6EC8EDA278ADFD7A768B91 /* Pods-DIApp.release.xcconfig */;
			buildSettings = {
				ALWAYS_EMBED_SWIFT_STANDARD_LIBRARIES = "$(inherited)";
				ASSETCATALOG_COMPILER_APPICON_NAME = AppIcon;
				CODE_SIGN_STYLE = Automatic;
				DEVELOPMENT_TEAM = BDD95TS3QC;
				INFOPLIST_FILE = "$(SRCROOT)/DIApp/Info.plist";
				LD_RUNPATH_SEARCH_PATHS = (
					"$(inherited)",
					"@executable_path/Frameworks",
				);
				PRODUCT_BUNDLE_IDENTIFIER = com.km.ios.diapp;
				PRODUCT_NAME = "$(TARGET_NAME)";
				SWIFT_VERSION = 4.0;
				TARGETED_DEVICE_FAMILY = "1,2";
			};
			name = Release;
		};
		B680834F20D846D00090362C /* Debug */ = {
			isa = XCBuildConfiguration;
			baseConfigurationReference = 8ED2064639E2196A11E2C039 /* Pods-DIAppTests.debug.xcconfig */;
			buildSettings = {
				ALWAYS_EMBED_SWIFT_STANDARD_LIBRARIES = "$(inherited)";
				BUNDLE_LOADER = "$(TEST_HOST)";
				CODE_SIGN_STYLE = Automatic;
				DEVELOPMENT_TEAM = BDD95TS3QC;
				INFOPLIST_FILE = DIAppTests/Info.plist;
				LD_RUNPATH_SEARCH_PATHS = (
					"$(inherited)",
					"@executable_path/Frameworks",
					"@loader_path/Frameworks",
				);
				PRODUCT_BUNDLE_IDENTIFIER = com.km.ios.diapp.DIAppTests;
				PRODUCT_NAME = "$(TARGET_NAME)";
				SWIFT_VERSION = 4.0;
				TARGETED_DEVICE_FAMILY = "1,2";
				TEST_HOST = "$(BUILT_PRODUCTS_DIR)/DIApp.app/DIApp";
			};
			name = Debug;
		};
		B680835020D846D00090362C /* Release */ = {
			isa = XCBuildConfiguration;
			baseConfigurationReference = E125B33C475A505BBC1CF8D1 /* Pods-DIAppTests.release.xcconfig */;
			buildSettings = {
				ALWAYS_EMBED_SWIFT_STANDARD_LIBRARIES = "$(inherited)";
				BUNDLE_LOADER = "$(TEST_HOST)";
				CODE_SIGN_STYLE = Automatic;
				DEVELOPMENT_TEAM = BDD95TS3QC;
				INFOPLIST_FILE = DIAppTests/Info.plist;
				LD_RUNPATH_SEARCH_PATHS = (
					"$(inherited)",
					"@executable_path/Frameworks",
					"@loader_path/Frameworks",
				);
				PRODUCT_BUNDLE_IDENTIFIER = com.km.ios.diapp.DIAppTests;
				PRODUCT_NAME = "$(TARGET_NAME)";
				SWIFT_VERSION = 4.0;
				TARGETED_DEVICE_FAMILY = "1,2";
				TEST_HOST = "$(BUILT_PRODUCTS_DIR)/DIApp.app/DIApp";
			};
			name = Release;
		};
/* End XCBuildConfiguration section */

/* Begin XCConfigurationList section */
		B680832920D846CE0090362C /* Build configuration list for PBXProject "DIApp" */ = {
			isa = XCConfigurationList;
			buildConfigurations = (
				B680834920D846D00090362C /* Debug */,
				B680834A20D846D00090362C /* Release */,
			);
			defaultConfigurationIsVisible = 0;
			defaultConfigurationName = Release;
		};
		B680834B20D846D00090362C /* Build configuration list for PBXNativeTarget "DIApp" */ = {
			isa = XCConfigurationList;
			buildConfigurations = (
				B680834C20D846D00090362C /* Debug */,
				B680834D20D846D00090362C /* Release */,
			);
			defaultConfigurationIsVisible = 0;
			defaultConfigurationName = Release;
		};
		B680834E20D846D00090362C /* Build configuration list for PBXNativeTarget "DIAppTests" */ = {
			isa = XCConfigurationList;
			buildConfigurations = (
				B680834F20D846D00090362C /* Debug */,
				B680835020D846D00090362C /* Release */,
			);
			defaultConfigurationIsVisible = 0;
			defaultConfigurationName = Release;
		};
/* End XCConfigurationList section */
	};
	rootObject = B680832620D846CE0090362C /* Project object */;
}
