// !$*UTF8*$!
{
	archiveVersion = 1;
	classes = {
	};
	objectVersion = 50;
	objects = {

/* Begin PBXBuildFile section */
		525F173D7BACD0645247FCF4 /* Pods_FruitApp.framework in Frameworks */ = {isa = PBXBuildFile; fileRef = 48E4E74CDDD376AE2367F67B /* Pods_FruitApp.framework */; };
		B60FC72F20DAE78E00A3D857 /* FruitServiceTests.swift in Sources */ = {isa = PBXBuildFile; fileRef = B60FC72E20DAE78E00A3D857 /* FruitServiceTests.swift */; };
		B60FC73120DAE9EF00A3D857 /* FruitsViewModelTests.swift in Sources */ = {isa = PBXBuildFile; fileRef = B60FC73020DAE9EF00A3D857 /* FruitsViewModelTests.swift */; };
		B60FC73520DAF21B00A3D857 /* AnalyticsTracker.swift in Sources */ = {isa = PBXBuildFile; fileRef = B60FC73420DAF21B00A3D857 /* AnalyticsTracker.swift */; };
		B60FC73820DAF23300A3D857 /* AnalyticsEvent.swift in Sources */ = {isa = PBXBuildFile; fileRef = B60FC73720DAF23300A3D857 /* AnalyticsEvent.swift */; };
		B60FC73A20DAF50400A3D857 /* AnalyticsRequest.swift in Sources */ = {isa = PBXBuildFile; fileRef = B60FC73920DAF50400A3D857 /* AnalyticsRequest.swift */; };
		B60FC73E20DAF6AF00A3D857 /* AnalyticsEventDetail.swift in Sources */ = {isa = PBXBuildFile; fileRef = B60FC73D20DAF6AF00A3D857 /* AnalyticsEventDetail.swift */; };
		B60FC74120DB151800A3D857 /* AnalyticsDisplayTrackable.swift in Sources */ = {isa = PBXBuildFile; fileRef = B60FC74020DB151800A3D857 /* AnalyticsDisplayTrackable.swift */; };
		B63DA15220D9BD8600BEA8A0 /* MockComponentCreator.swift in Sources */ = {isa = PBXBuildFile; fileRef = B63DA15120D9BD8600BEA8A0 /* MockComponentCreator.swift */; };
		B63DA15420D9BD9000BEA8A0 /* MockFruitService.swift in Sources */ = {isa = PBXBuildFile; fileRef = B63DA15320D9BD9000BEA8A0 /* MockFruitService.swift */; };
		B63DA15620D9BD9600BEA8A0 /* MockFruitDetailRouter.swift in Sources */ = {isa = PBXBuildFile; fileRef = B63DA15520D9BD9600BEA8A0 /* MockFruitDetailRouter.swift */; };
		B63DA15C20D9C05100BEA8A0 /* FruitsViewControllerTests.swift in Sources */ = {isa = PBXBuildFile; fileRef = B63DA15B20D9C05100BEA8A0 /* FruitsViewControllerTests.swift */; };
		B680833220D846CE0090362C /* AppDelegate.swift in Sources */ = {isa = PBXBuildFile; fileRef = B680833120D846CE0090362C /* AppDelegate.swift */; };
		B680833920D846D00090362C /* Assets.xcassets in Resources */ = {isa = PBXBuildFile; fileRef = B680833820D846D00090362C /* Assets.xcassets */; };
		B680833C20D846D00090362C /* LaunchScreen.storyboard in Resources */ = {isa = PBXBuildFile; fileRef = B680833A20D846D00090362C /* LaunchScreen.storyboard */; };
		B6B2C49320D853410057ABD9 /* FruitApp.swift in Sources */ = {isa = PBXBuildFile; fileRef = B6B2C49220D853410057ABD9 /* FruitApp.swift */; };
		B6B2C49720D853F90057ABD9 /* FruitAppRouter.swift in Sources */ = {isa = PBXBuildFile; fileRef = B6B2C49620D853F90057ABD9 /* FruitAppRouter.swift */; };
		B6B2C49C20D855760057ABD9 /* FruitsViewController.swift in Sources */ = {isa = PBXBuildFile; fileRef = B6B2C49B20D855760057ABD9 /* FruitsViewController.swift */; };
		B6B2C49E20D856FB0057ABD9 /* FruitsViewController.storyboard in Resources */ = {isa = PBXBuildFile; fileRef = B6B2C49D20D856FB0057ABD9 /* FruitsViewController.storyboard */; };
		B6B2C4A120D8580F0057ABD9 /* FruitsRouter.swift in Sources */ = {isa = PBXBuildFile; fileRef = B6B2C4A020D8580F0057ABD9 /* FruitsRouter.swift */; };
		B6B2C4A420D858590057ABD9 /* FruitsViewModel.swift in Sources */ = {isa = PBXBuildFile; fileRef = B6B2C4A320D858590057ABD9 /* FruitsViewModel.swift */; };
		B6B2C4AD20D859A00057ABD9 /* Reactive+Extension.swift in Sources */ = {isa = PBXBuildFile; fileRef = B6B2C4A920D859A00057ABD9 /* Reactive+Extension.swift */; };
		B6B2C4B320D859B80057ABD9 /* TableViewDataSource.swift in Sources */ = {isa = PBXBuildFile; fileRef = B6B2C4B020D859B80057ABD9 /* TableViewDataSource.swift */; };
		B6B2C4B420D859B80057ABD9 /* TableViewDelegate.swift in Sources */ = {isa = PBXBuildFile; fileRef = B6B2C4B120D859B80057ABD9 /* TableViewDelegate.swift */; };
		B6B2C4B920D85A810057ABD9 /* ApiError.swift in Sources */ = {isa = PBXBuildFile; fileRef = B6B2C4B620D85A810057ABD9 /* ApiError.swift */; };
		B6B2C4BA20D85A810057ABD9 /* ApiRequestError.swift in Sources */ = {isa = PBXBuildFile; fileRef = B6B2C4B720D85A810057ABD9 /* ApiRequestError.swift */; };
		B6B2C4BB20D85A810057ABD9 /* ClassError.swift in Sources */ = {isa = PBXBuildFile; fileRef = B6B2C4B820D85A810057ABD9 /* ClassError.swift */; };
		B6B2C4C020D85A900057ABD9 /* HttpStatusCode.swift in Sources */ = {isa = PBXBuildFile; fileRef = B6B2C4BC20D85A900057ABD9 /* HttpStatusCode.swift */; };
		B6B2C4C120D85A900057ABD9 /* ApiResponse.swift in Sources */ = {isa = PBXBuildFile; fileRef = B6B2C4BD20D85A900057ABD9 /* ApiResponse.swift */; };
		B6B2C4C220D85A900057ABD9 /* HttpResponse.swift in Sources */ = {isa = PBXBuildFile; fileRef = B6B2C4BE20D85A900057ABD9 /* HttpResponse.swift */; };
		B6B2C4C320D85A900057ABD9 /* HttpMethod.swift in Sources */ = {isa = PBXBuildFile; fileRef = B6B2C4BF20D85A900057ABD9 /* HttpMethod.swift */; };
		B6B2C4D020D85AC20057ABD9 /* RemoteCreatable.swift in Sources */ = {isa = PBXBuildFile; fileRef = B6B2C4C620D85AC20057ABD9 /* RemoteCreatable.swift */; };
		B6B2C4D120D85AC20057ABD9 /* Service.swift in Sources */ = {isa = PBXBuildFile; fileRef = B6B2C4C720D85AC20057ABD9 /* Service.swift */; };
		B6B2C4D220D85AC20057ABD9 /* ApiClient.swift in Sources */ = {isa = PBXBuildFile; fileRef = B6B2C4C820D85AC20057ABD9 /* ApiClient.swift */; };
		B6B2C4D320D85AC20057ABD9 /* ComponentCreator.swift in Sources */ = {isa = PBXBuildFile; fileRef = B6B2C4C920D85AC20057ABD9 /* ComponentCreator.swift */; };
		B6B2C4D420D85AC20057ABD9 /* HttpClient.swift in Sources */ = {isa = PBXBuildFile; fileRef = B6B2C4CA20D85AC20057ABD9 /* HttpClient.swift */; };
		B6B2C4D520D85AC20057ABD9 /* ServiceCreatable.swift in Sources */ = {isa = PBXBuildFile; fileRef = B6B2C4CB20D85AC20057ABD9 /* ServiceCreatable.swift */; };
		B6B2C4D620D85AC20057ABD9 /* UtilityCreatable.swift in Sources */ = {isa = PBXBuildFile; fileRef = B6B2C4CC20D85AC20057ABD9 /* UtilityCreatable.swift */; };
		B6B2C4D720D85AC20057ABD9 /* RouterCreatable.swift in Sources */ = {isa = PBXBuildFile; fileRef = B6B2C4CD20D85AC20057ABD9 /* RouterCreatable.swift */; };
		B6B2C4D820D85AC20057ABD9 /* ComponentCreatable.swift in Sources */ = {isa = PBXBuildFile; fileRef = B6B2C4CE20D85AC20057ABD9 /* ComponentCreatable.swift */; };
		B6B2C4E820D85B390057ABD9 /* TableViewItem.swift in Sources */ = {isa = PBXBuildFile; fileRef = B6B2C4DD20D85B390057ABD9 /* TableViewItem.swift */; };
		B6B2C4E920D85B390057ABD9 /* Navigation.swift in Sources */ = {isa = PBXBuildFile; fileRef = B6B2C4DE20D85B390057ABD9 /* Navigation.swift */; };
		B6B2C4EA20D85B390057ABD9 /* TableViewCell.swift in Sources */ = {isa = PBXBuildFile; fileRef = B6B2C4DF20D85B390057ABD9 /* TableViewCell.swift */; };
		B6B2C4EB20D85B390057ABD9 /* ViewControllerCreatable.swift in Sources */ = {isa = PBXBuildFile; fileRef = B6B2C4E020D85B390057ABD9 /* ViewControllerCreatable.swift */; };
		B6B2C4EC20D85B390057ABD9 /* ViewModel.swift in Sources */ = {isa = PBXBuildFile; fileRef = B6B2C4E120D85B390057ABD9 /* ViewModel.swift */; };
		B6B2C4EE20D85B390057ABD9 /* Resource.swift in Sources */ = {isa = PBXBuildFile; fileRef = B6B2C4E320D85B390057ABD9 /* Resource.swift */; };
		B6B2C4EF20D85B390057ABD9 /* ApiRequest.swift in Sources */ = {isa = PBXBuildFile; fileRef = B6B2C4E420D85B390057ABD9 /* ApiRequest.swift */; };
		B6B2C4F020D85B390057ABD9 /* ModelableViewController.swift in Sources */ = {isa = PBXBuildFile; fileRef = B6B2C4E520D85B390057ABD9 /* ModelableViewController.swift */; };
		B6B2C4F320D85BED0057ABD9 /* FruitRemote.swift in Sources */ = {isa = PBXBuildFile; fileRef = B6B2C4F220D85BED0057ABD9 /* FruitRemote.swift */; };
		B6B2C4F620D85C340057ABD9 /* FruitsRequest.swift in Sources */ = {isa = PBXBuildFile; fileRef = B6B2C4F520D85C340057ABD9 /* FruitsRequest.swift */; };
		B6B2C4F920D85CA20057ABD9 /* FruitsResource.swift in Sources */ = {isa = PBXBuildFile; fileRef = B6B2C4F820D85CA20057ABD9 /* FruitsResource.swift */; };
		B6B2C4FB20D85D290057ABD9 /* FruitResource.swift in Sources */ = {isa = PBXBuildFile; fileRef = B6B2C4FA20D85D290057ABD9 /* FruitResource.swift */; };
		B6B2C50220D995A30057ABD9 /* FruitDetailViewController.swift in Sources */ = {isa = PBXBuildFile; fileRef = B6B2C50120D995A30057ABD9 /* FruitDetailViewController.swift */; };
		B6B2C50420D996340057ABD9 /* FruitDetailViewController.storyboard in Resources */ = {isa = PBXBuildFile; fileRef = B6B2C50320D996340057ABD9 /* FruitDetailViewController.storyboard */; };
		B6B2C50620D996A60057ABD9 /* FruitDetailViewModel.swift in Sources */ = {isa = PBXBuildFile; fileRef = B6B2C50520D996A60057ABD9 /* FruitDetailViewModel.swift */; };
		B6B2C50920D998100057ABD9 /* FruitService.swift in Sources */ = {isa = PBXBuildFile; fileRef = B6B2C50820D998100057ABD9 /* FruitService.swift */; };
		B6B2C50C20D998970057ABD9 /* FruitDetailRouter.swift in Sources */ = {isa = PBXBuildFile; fileRef = B6B2C50B20D998970057ABD9 /* FruitDetailRouter.swift */; };
		B6B2C50F20D9998A0057ABD9 /* FruitCell.swift in Sources */ = {isa = PBXBuildFile; fileRef = B6B2C50E20D9998A0057ABD9 /* FruitCell.swift */; };
		B6B2C51220D99DE90057ABD9 /* FruitDetailRepsentable.swift in Sources */ = {isa = PBXBuildFile; fileRef = B6B2C51120D99DE90057ABD9 /* FruitDetailRepsentable.swift */; };
		B6B2C51720D9A2A90057ABD9 /* WeightFormattable.swift in Sources */ = {isa = PBXBuildFile; fileRef = B6B2C51520D9A24A0057ABD9 /* WeightFormattable.swift */; };
		B6B2C51820D9A2B10057ABD9 /* PriceFormattable.swift in Sources */ = {isa = PBXBuildFile; fileRef = B6B2C51320D9A21E0057ABD9 /* PriceFormattable.swift */; };
		B6B2C51D20D9A9E80057ABD9 /* FileHelper.swift in Sources */ = {isa = PBXBuildFile; fileRef = B6B2C51A20D9A9E80057ABD9 /* FileHelper.swift */; };
		B6B2C51E20D9A9E80057ABD9 /* RxCollector.swift in Sources */ = {isa = PBXBuildFile; fileRef = B6B2C51B20D9A9E80057ABD9 /* RxCollector.swift */; };
		B6B2C51F20D9A9E80057ABD9 /* NibCreator.swift in Sources */ = {isa = PBXBuildFile; fileRef = B6B2C51C20D9A9E80057ABD9 /* NibCreator.swift */; };
		B6B2C52620D9A9F60057ABD9 /* empty.json in Resources */ = {isa = PBXBuildFile; fileRef = B6B2C52220D9A9F60057ABD9 /* empty.json */; };
		B6B2C52720D9A9F60057ABD9 /* apple.json in Resources */ = {isa = PBXBuildFile; fileRef = B6B2C52320D9A9F60057ABD9 /* apple.json */; };
		B6B2C52820D9A9F60057ABD9 /* fruits.json in Resources */ = {isa = PBXBuildFile; fileRef = B6B2C52420D9A9F60057ABD9 /* fruits.json */; };
		B6B2C53520D9AA500057ABD9 /* HttpResponseMother.swift in Sources */ = {isa = PBXBuildFile; fileRef = B6B2C52E20D9AA500057ABD9 /* HttpResponseMother.swift */; };
		B6B2C53720D9AA500057ABD9 /* FruitMother.swift in Sources */ = {isa = PBXBuildFile; fileRef = B6B2C53020D9AA500057ABD9 /* FruitMother.swift */; };
		B6B2C53B20D9AD990057ABD9 /* ApiRequestTests.swift in Sources */ = {isa = PBXBuildFile; fileRef = B6B2C53A20D9AD990057ABD9 /* ApiRequestTests.swift */; };
		B6B2C54120D9AE0A0057ABD9 /* Constants.swift in Sources */ = {isa = PBXBuildFile; fileRef = B6B2C53E20D9AE0A0057ABD9 /* Constants.swift */; };
		B6B2C54220D9AE0A0057ABD9 /* FruitHttpMocker.swift in Sources */ = {isa = PBXBuildFile; fileRef = B6B2C53F20D9AE0A0057ABD9 /* FruitHttpMocker.swift */; };
		B6B2C54520D9AE7D0057ABD9 /* MockFruitsRequest.swift in Sources */ = {isa = PBXBuildFile; fileRef = B6B2C54420D9AE7D0057ABD9 /* MockFruitsRequest.swift */; };
		B6B2C54820D9B0730057ABD9 /* ApiResponseTests.swift in Sources */ = {isa = PBXBuildFile; fileRef = B6B2C54720D9B0730057ABD9 /* ApiResponseTests.swift */; };
		B6B2C55420D9B5AB0057ABD9 /* UITableView+Extension.swift in Sources */ = {isa = PBXBuildFile; fileRef = B6B2C55020D9B5AA0057ABD9 /* UITableView+Extension.swift */; };
		BADBB3F17C9C10F5022297C5 /* Pods_FruitAppTests.framework in Frameworks */ = {isa = PBXBuildFile; fileRef = EB34091B46A9AC12571CA4FB /* Pods_FruitAppTests.framework */; };
/* End PBXBuildFile section */

/* Begin PBXContainerItemProxy section */
		B680834320D846D00090362C /* PBXContainerItemProxy */ = {
			isa = PBXContainerItemProxy;
			containerPortal = B680832620D846CE0090362C /* Project object */;
			proxyType = 1;
			remoteGlobalIDString = B680832D20D846CE0090362C;
			remoteInfo = FruitApp;
		};
/* End PBXContainerItemProxy section */

/* Begin PBXFileReference section */
		3C1950C0D1504FFA5D083776 /* Pods-FruitAppTests.debug.xcconfig */ = {isa = PBXFileReference; includeInIndex = 1; lastKnownFileType = text.xcconfig; name = "Pods-FruitAppTests.debug.xcconfig"; path = "Pods/Target Support Files/Pods-FruitAppTests/Pods-FruitAppTests.debug.xcconfig"; sourceTree = "<group>"; };
		48E4E74CDDD376AE2367F67B /* Pods_FruitApp.framework */ = {isa = PBXFileReference; explicitFileType = wrapper.framework; includeInIndex = 0; path = Pods_FruitApp.framework; sourceTree = BUILT_PRODUCTS_DIR; };
		5B47C4A6CCF71CAE4112172A /* Pods-FruitAppTests.release.xcconfig */ = {isa = PBXFileReference; includeInIndex = 1; lastKnownFileType = text.xcconfig; name = "Pods-FruitAppTests.release.xcconfig"; path = "Pods/Target Support Files/Pods-FruitAppTests/Pods-FruitAppTests.release.xcconfig"; sourceTree = "<group>"; };
		80F7E48293A8E78194C34FFF /* Pods-FruitApp.release.xcconfig */ = {isa = PBXFileReference; includeInIndex = 1; lastKnownFileType = text.xcconfig; name = "Pods-FruitApp.release.xcconfig"; path = "Pods/Target Support Files/Pods-FruitApp/Pods-FruitApp.release.xcconfig"; sourceTree = "<group>"; };
		B60FC72E20DAE78E00A3D857 /* FruitServiceTests.swift */ = {isa = PBXFileReference; fileEncoding = 4; lastKnownFileType = sourcecode.swift; path = FruitServiceTests.swift; sourceTree = "<group>"; };
		B60FC73020DAE9EF00A3D857 /* FruitsViewModelTests.swift */ = {isa = PBXFileReference; fileEncoding = 4; lastKnownFileType = sourcecode.swift; path = FruitsViewModelTests.swift; sourceTree = "<group>"; };
		B60FC73420DAF21B00A3D857 /* AnalyticsTracker.swift */ = {isa = PBXFileReference; lastKnownFileType = sourcecode.swift; path = AnalyticsTracker.swift; sourceTree = "<group>"; };
		B60FC73720DAF23300A3D857 /* AnalyticsEvent.swift */ = {isa = PBXFileReference; lastKnownFileType = sourcecode.swift; path = AnalyticsEvent.swift; sourceTree = "<group>"; };
		B60FC73920DAF50400A3D857 /* AnalyticsRequest.swift */ = {isa = PBXFileReference; lastKnownFileType = sourcecode.swift; path = AnalyticsRequest.swift; sourceTree = "<group>"; };
		B60FC73D20DAF6AF00A3D857 /* AnalyticsEventDetail.swift */ = {isa = PBXFileReference; lastKnownFileType = sourcecode.swift; path = AnalyticsEventDetail.swift; sourceTree = "<group>"; };
		B60FC74020DB151800A3D857 /* AnalyticsDisplayTrackable.swift */ = {isa = PBXFileReference; lastKnownFileType = sourcecode.swift; path = AnalyticsDisplayTrackable.swift; sourceTree = "<group>"; };
		B63DA15120D9BD8600BEA8A0 /* MockComponentCreator.swift */ = {isa = PBXFileReference; fileEncoding = 4; lastKnownFileType = sourcecode.swift; path = MockComponentCreator.swift; sourceTree = "<group>"; };
		B63DA15320D9BD9000BEA8A0 /* MockFruitService.swift */ = {isa = PBXFileReference; fileEncoding = 4; lastKnownFileType = sourcecode.swift; path = MockFruitService.swift; sourceTree = "<group>"; };
		B63DA15520D9BD9600BEA8A0 /* MockFruitDetailRouter.swift */ = {isa = PBXFileReference; fileEncoding = 4; lastKnownFileType = sourcecode.swift; path = MockFruitDetailRouter.swift; sourceTree = "<group>"; };
		B63DA15B20D9C05100BEA8A0 /* FruitsViewControllerTests.swift */ = {isa = PBXFileReference; fileEncoding = 4; lastKnownFileType = sourcecode.swift; path = FruitsViewControllerTests.swift; sourceTree = "<group>"; };
		B680832E20D846CE0090362C /* FruitApp.app */ = {isa = PBXFileReference; explicitFileType = wrapper.application; includeInIndex = 0; path = FruitApp.app; sourceTree = BUILT_PRODUCTS_DIR; };
		B680833120D846CE0090362C /* AppDelegate.swift */ = {isa = PBXFileReference; lastKnownFileType = sourcecode.swift; path = AppDelegate.swift; sourceTree = "<group>"; };
		B680833820D846D00090362C /* Assets.xcassets */ = {isa = PBXFileReference; lastKnownFileType = folder.assetcatalog; path = Assets.xcassets; sourceTree = "<group>"; };
		B680833B20D846D00090362C /* Base */ = {isa = PBXFileReference; lastKnownFileType = file.storyboard; name = Base; path = Base.lproj/LaunchScreen.storyboard; sourceTree = "<group>"; };
		B680833D20D846D00090362C /* Info.plist */ = {isa = PBXFileReference; lastKnownFileType = text.plist.xml; path = Info.plist; sourceTree = "<group>"; };
		B680834220D846D00090362C /* FruitAppTests.xctest */ = {isa = PBXFileReference; explicitFileType = wrapper.cfbundle; includeInIndex = 0; path = FruitAppTests.xctest; sourceTree = BUILT_PRODUCTS_DIR; };
		B680834820D846D00090362C /* Info.plist */ = {isa = PBXFileReference; lastKnownFileType = text.plist.xml; path = Info.plist; sourceTree = "<group>"; };
		B6B2C49220D853410057ABD9 /* FruitApp.swift */ = {isa = PBXFileReference; lastKnownFileType = sourcecode.swift; path = FruitApp.swift; sourceTree = "<group>"; };
		B6B2C49620D853F90057ABD9 /* FruitAppRouter.swift */ = {isa = PBXFileReference; lastKnownFileType = sourcecode.swift; path = FruitAppRouter.swift; sourceTree = "<group>"; };
		B6B2C49B20D855760057ABD9 /* FruitsViewController.swift */ = {isa = PBXFileReference; lastKnownFileType = sourcecode.swift; path = FruitsViewController.swift; sourceTree = "<group>"; };
		B6B2C49D20D856FB0057ABD9 /* FruitsViewController.storyboard */ = {isa = PBXFileReference; lastKnownFileType = file.storyboard; path = FruitsViewController.storyboard; sourceTree = "<group>"; };
		B6B2C4A020D8580F0057ABD9 /* FruitsRouter.swift */ = {isa = PBXFileReference; lastKnownFileType = sourcecode.swift; path = FruitsRouter.swift; sourceTree = "<group>"; };
		B6B2C4A320D858590057ABD9 /* FruitsViewModel.swift */ = {isa = PBXFileReference; lastKnownFileType = sourcecode.swift; path = FruitsViewModel.swift; sourceTree = "<group>"; };
		B6B2C4A920D859A00057ABD9 /* Reactive+Extension.swift */ = {isa = PBXFileReference; fileEncoding = 4; lastKnownFileType = sourcecode.swift; path = "Reactive+Extension.swift"; sourceTree = "<group>"; };
		B6B2C4B020D859B80057ABD9 /* TableViewDataSource.swift */ = {isa = PBXFileReference; fileEncoding = 4; lastKnownFileType = sourcecode.swift; path = TableViewDataSource.swift; sourceTree = "<group>"; };
		B6B2C4B120D859B80057ABD9 /* TableViewDelegate.swift */ = {isa = PBXFileReference; fileEncoding = 4; lastKnownFileType = sourcecode.swift; path = TableViewDelegate.swift; sourceTree = "<group>"; };
		B6B2C4B620D85A810057ABD9 /* ApiError.swift */ = {isa = PBXFileReference; fileEncoding = 4; lastKnownFileType = sourcecode.swift; path = ApiError.swift; sourceTree = "<group>"; };
		B6B2C4B720D85A810057ABD9 /* ApiRequestError.swift */ = {isa = PBXFileReference; fileEncoding = 4; lastKnownFileType = sourcecode.swift; path = ApiRequestError.swift; sourceTree = "<group>"; };
		B6B2C4B820D85A810057ABD9 /* ClassError.swift */ = {isa = PBXFileReference; fileEncoding = 4; lastKnownFileType = sourcecode.swift; path = ClassError.swift; sourceTree = "<group>"; };
		B6B2C4BC20D85A900057ABD9 /* HttpStatusCode.swift */ = {isa = PBXFileReference; fileEncoding = 4; lastKnownFileType = sourcecode.swift; path = HttpStatusCode.swift; sourceTree = "<group>"; };
		B6B2C4BD20D85A900057ABD9 /* ApiResponse.swift */ = {isa = PBXFileReference; fileEncoding = 4; lastKnownFileType = sourcecode.swift; path = ApiResponse.swift; sourceTree = "<group>"; };
		B6B2C4BE20D85A900057ABD9 /* HttpResponse.swift */ = {isa = PBXFileReference; fileEncoding = 4; lastKnownFileType = sourcecode.swift; path = HttpResponse.swift; sourceTree = "<group>"; };
		B6B2C4BF20D85A900057ABD9 /* HttpMethod.swift */ = {isa = PBXFileReference; fileEncoding = 4; lastKnownFileType = sourcecode.swift; path = HttpMethod.swift; sourceTree = "<group>"; };
		B6B2C4C620D85AC20057ABD9 /* RemoteCreatable.swift */ = {isa = PBXFileReference; fileEncoding = 4; lastKnownFileType = sourcecode.swift; path = RemoteCreatable.swift; sourceTree = "<group>"; };
		B6B2C4C720D85AC20057ABD9 /* Service.swift */ = {isa = PBXFileReference; fileEncoding = 4; lastKnownFileType = sourcecode.swift; path = Service.swift; sourceTree = "<group>"; };
		B6B2C4C820D85AC20057ABD9 /* ApiClient.swift */ = {isa = PBXFileReference; fileEncoding = 4; lastKnownFileType = sourcecode.swift; path = ApiClient.swift; sourceTree = "<group>"; };
		B6B2C4C920D85AC20057ABD9 /* ComponentCreator.swift */ = {isa = PBXFileReference; fileEncoding = 4; lastKnownFileType = sourcecode.swift; path = ComponentCreator.swift; sourceTree = "<group>"; };
		B6B2C4CA20D85AC20057ABD9 /* HttpClient.swift */ = {isa = PBXFileReference; fileEncoding = 4; lastKnownFileType = sourcecode.swift; path = HttpClient.swift; sourceTree = "<group>"; };
		B6B2C4CB20D85AC20057ABD9 /* ServiceCreatable.swift */ = {isa = PBXFileReference; fileEncoding = 4; lastKnownFileType = sourcecode.swift; path = ServiceCreatable.swift; sourceTree = "<group>"; };
		B6B2C4CC20D85AC20057ABD9 /* UtilityCreatable.swift */ = {isa = PBXFileReference; fileEncoding = 4; lastKnownFileType = sourcecode.swift; path = UtilityCreatable.swift; sourceTree = "<group>"; };
		B6B2C4CD20D85AC20057ABD9 /* RouterCreatable.swift */ = {isa = PBXFileReference; fileEncoding = 4; lastKnownFileType = sourcecode.swift; path = RouterCreatable.swift; sourceTree = "<group>"; };
		B6B2C4CE20D85AC20057ABD9 /* ComponentCreatable.swift */ = {isa = PBXFileReference; fileEncoding = 4; lastKnownFileType = sourcecode.swift; path = ComponentCreatable.swift; sourceTree = "<group>"; };
		B6B2C4DD20D85B390057ABD9 /* TableViewItem.swift */ = {isa = PBXFileReference; fileEncoding = 4; lastKnownFileType = sourcecode.swift; path = TableViewItem.swift; sourceTree = "<group>"; };
		B6B2C4DE20D85B390057ABD9 /* Navigation.swift */ = {isa = PBXFileReference; fileEncoding = 4; lastKnownFileType = sourcecode.swift; path = Navigation.swift; sourceTree = "<group>"; };
		B6B2C4DF20D85B390057ABD9 /* TableViewCell.swift */ = {isa = PBXFileReference; fileEncoding = 4; lastKnownFileType = sourcecode.swift; path = TableViewCell.swift; sourceTree = "<group>"; };
		B6B2C4E020D85B390057ABD9 /* ViewControllerCreatable.swift */ = {isa = PBXFileReference; fileEncoding = 4; lastKnownFileType = sourcecode.swift; path = ViewControllerCreatable.swift; sourceTree = "<group>"; };
		B6B2C4E120D85B390057ABD9 /* ViewModel.swift */ = {isa = PBXFileReference; fileEncoding = 4; lastKnownFileType = sourcecode.swift; path = ViewModel.swift; sourceTree = "<group>"; };
		B6B2C4E320D85B390057ABD9 /* Resource.swift */ = {isa = PBXFileReference; fileEncoding = 4; lastKnownFileType = sourcecode.swift; path = Resource.swift; sourceTree = "<group>"; };
		B6B2C4E420D85B390057ABD9 /* ApiRequest.swift */ = {isa = PBXFileReference; fileEncoding = 4; lastKnownFileType = sourcecode.swift; path = ApiRequest.swift; sourceTree = "<group>"; };
		B6B2C4E520D85B390057ABD9 /* ModelableViewController.swift */ = {isa = PBXFileReference; fileEncoding = 4; lastKnownFileType = sourcecode.swift; path = ModelableViewController.swift; sourceTree = "<group>"; };
		B6B2C4F220D85BED0057ABD9 /* FruitRemote.swift */ = {isa = PBXFileReference; lastKnownFileType = sourcecode.swift; path = FruitRemote.swift; sourceTree = "<group>"; };
		B6B2C4F520D85C340057ABD9 /* FruitsRequest.swift */ = {isa = PBXFileReference; lastKnownFileType = sourcecode.swift; path = FruitsRequest.swift; sourceTree = "<group>"; };
		B6B2C4F820D85CA20057ABD9 /* FruitsResource.swift */ = {isa = PBXFileReference; lastKnownFileType = sourcecode.swift; path = FruitsResource.swift; sourceTree = "<group>"; };
		B6B2C4FA20D85D290057ABD9 /* FruitResource.swift */ = {isa = PBXFileReference; lastKnownFileType = sourcecode.swift; path = FruitResource.swift; sourceTree = "<group>"; };
		B6B2C50120D995A30057ABD9 /* FruitDetailViewController.swift */ = {isa = PBXFileReference; lastKnownFileType = sourcecode.swift; path = FruitDetailViewController.swift; sourceTree = "<group>"; };
		B6B2C50320D996340057ABD9 /* FruitDetailViewController.storyboard */ = {isa = PBXFileReference; lastKnownFileType = file.storyboard; path = FruitDetailViewController.storyboard; sourceTree = "<group>"; };
		B6B2C50520D996A60057ABD9 /* FruitDetailViewModel.swift */ = {isa = PBXFileReference; lastKnownFileType = sourcecode.swift; path = FruitDetailViewModel.swift; sourceTree = "<group>"; };
		B6B2C50820D998100057ABD9 /* FruitService.swift */ = {isa = PBXFileReference; lastKnownFileType = sourcecode.swift; path = FruitService.swift; sourceTree = "<group>"; };
		B6B2C50B20D998970057ABD9 /* FruitDetailRouter.swift */ = {isa = PBXFileReference; lastKnownFileType = sourcecode.swift; path = FruitDetailRouter.swift; sourceTree = "<group>"; };
		B6B2C50E20D9998A0057ABD9 /* FruitCell.swift */ = {isa = PBXFileReference; lastKnownFileType = sourcecode.swift; path = FruitCell.swift; sourceTree = "<group>"; };
		B6B2C51120D99DE90057ABD9 /* FruitDetailRepsentable.swift */ = {isa = PBXFileReference; lastKnownFileType = sourcecode.swift; path = FruitDetailRepsentable.swift; sourceTree = "<group>"; };
		B6B2C51320D9A21E0057ABD9 /* PriceFormattable.swift */ = {isa = PBXFileReference; lastKnownFileType = sourcecode.swift; path = PriceFormattable.swift; sourceTree = "<group>"; };
		B6B2C51520D9A24A0057ABD9 /* WeightFormattable.swift */ = {isa = PBXFileReference; lastKnownFileType = sourcecode.swift; path = WeightFormattable.swift; sourceTree = "<group>"; };
		B6B2C51A20D9A9E80057ABD9 /* FileHelper.swift */ = {isa = PBXFileReference; fileEncoding = 4; lastKnownFileType = sourcecode.swift; path = FileHelper.swift; sourceTree = "<group>"; };
		B6B2C51B20D9A9E80057ABD9 /* RxCollector.swift */ = {isa = PBXFileReference; fileEncoding = 4; lastKnownFileType = sourcecode.swift; path = RxCollector.swift; sourceTree = "<group>"; };
		B6B2C51C20D9A9E80057ABD9 /* NibCreator.swift */ = {isa = PBXFileReference; fileEncoding = 4; lastKnownFileType = sourcecode.swift; path = NibCreator.swift; sourceTree = "<group>"; };
		B6B2C52220D9A9F60057ABD9 /* empty.json */ = {isa = PBXFileReference; fileEncoding = 4; lastKnownFileType = text.json; path = empty.json; sourceTree = "<group>"; };
		B6B2C52320D9A9F60057ABD9 /* apple.json */ = {isa = PBXFileReference; fileEncoding = 4; lastKnownFileType = text.json; path = apple.json; sourceTree = "<group>"; };
		B6B2C52420D9A9F60057ABD9 /* fruits.json */ = {isa = PBXFileReference; fileEncoding = 4; lastKnownFileType = text.json; path = fruits.json; sourceTree = "<group>"; };
		B6B2C52E20D9AA500057ABD9 /* HttpResponseMother.swift */ = {isa = PBXFileReference; fileEncoding = 4; lastKnownFileType = sourcecode.swift; path = HttpResponseMother.swift; sourceTree = "<group>"; };
		B6B2C53020D9AA500057ABD9 /* FruitMother.swift */ = {isa = PBXFileReference; fileEncoding = 4; lastKnownFileType = sourcecode.swift; path = FruitMother.swift; sourceTree = "<group>"; };
		B6B2C53A20D9AD990057ABD9 /* ApiRequestTests.swift */ = {isa = PBXFileReference; fileEncoding = 4; lastKnownFileType = sourcecode.swift; path = ApiRequestTests.swift; sourceTree = "<group>"; };
		B6B2C53E20D9AE0A0057ABD9 /* Constants.swift */ = {isa = PBXFileReference; fileEncoding = 4; lastKnownFileType = sourcecode.swift; path = Constants.swift; sourceTree = "<group>"; };
		B6B2C53F20D9AE0A0057ABD9 /* FruitHttpMocker.swift */ = {isa = PBXFileReference; fileEncoding = 4; lastKnownFileType = sourcecode.swift; path = FruitHttpMocker.swift; sourceTree = "<group>"; };
		B6B2C54420D9AE7D0057ABD9 /* MockFruitsRequest.swift */ = {isa = PBXFileReference; fileEncoding = 4; lastKnownFileType = sourcecode.swift; path = MockFruitsRequest.swift; sourceTree = "<group>"; };
		B6B2C54720D9B0730057ABD9 /* ApiResponseTests.swift */ = {isa = PBXFileReference; fileEncoding = 4; lastKnownFileType = sourcecode.swift; path = ApiResponseTests.swift; sourceTree = "<group>"; };
		B6B2C55020D9B5AA0057ABD9 /* UITableView+Extension.swift */ = {isa = PBXFileReference; fileEncoding = 4; lastKnownFileType = sourcecode.swift; path = "UITableView+Extension.swift"; sourceTree = "<group>"; };
		EB34091B46A9AC12571CA4FB /* Pods_FruitAppTests.framework */ = {isa = PBXFileReference; explicitFileType = wrapper.framework; includeInIndex = 0; path = Pods_FruitAppTests.framework; sourceTree = BUILT_PRODUCTS_DIR; };
		EE3B4DBAACBC453F900B53C1 /* Pods-FruitApp.debug.xcconfig */ = {isa = PBXFileReference; includeInIndex = 1; lastKnownFileType = text.xcconfig; name = "Pods-FruitApp.debug.xcconfig"; path = "Pods/Target Support Files/Pods-FruitApp/Pods-FruitApp.debug.xcconfig"; sourceTree = "<group>"; };
/* End PBXFileReference section */

/* Begin PBXFrameworksBuildPhase section */
		B680832B20D846CE0090362C /* Frameworks */ = {
			isa = PBXFrameworksBuildPhase;
			buildActionMask = 2147483647;
			files = (
				525F173D7BACD0645247FCF4 /* Pods_FruitApp.framework in Frameworks */,
			);
			runOnlyForDeploymentPostprocessing = 0;
		};
		B680833F20D846D00090362C /* Frameworks */ = {
			isa = PBXFrameworksBuildPhase;
			buildActionMask = 2147483647;
			files = (
				BADBB3F17C9C10F5022297C5 /* Pods_FruitAppTests.framework in Frameworks */,
			);
			runOnlyForDeploymentPostprocessing = 0;
		};
/* End PBXFrameworksBuildPhase section */

/* Begin PBXGroup section */
		90834CB1DF877B66145D36F7 /* Frameworks */ = {
			isa = PBXGroup;
			children = (
				48E4E74CDDD376AE2367F67B /* Pods_FruitApp.framework */,
				EB34091B46A9AC12571CA4FB /* Pods_FruitAppTests.framework */,
			);
			name = Frameworks;
			sourceTree = "<group>";
		};
		B60FC73220DAF1E900A3D857 /* Analytics */ = {
			isa = PBXGroup;
			children = (
				B60FC73F20DB150800A3D857 /* protocol */,
				B60FC73C20DAF51E00A3D857 /* util */,
				B60FC73B20DAF51600A3D857 /* model */,
				B60FC73320DAF1FD00A3D857 /* request */,
			);
			path = Analytics;
			sourceTree = "<group>";
		};
		B60FC73320DAF1FD00A3D857 /* request */ = {
			isa = PBXGroup;
			children = (
				B60FC73920DAF50400A3D857 /* AnalyticsRequest.swift */,
			);
			path = request;
			sourceTree = "<group>";
		};
		B60FC73620DAF22500A3D857 /* analytics */ = {
			isa = PBXGroup;
			children = (
			);
			path = analytics;
			sourceTree = "<group>";
		};
		B60FC73B20DAF51600A3D857 /* model */ = {
			isa = PBXGroup;
			children = (
				B60FC73720DAF23300A3D857 /* AnalyticsEvent.swift */,
				B60FC73D20DAF6AF00A3D857 /* AnalyticsEventDetail.swift */,
			);
			path = model;
			sourceTree = "<group>";
		};
		B60FC73C20DAF51E00A3D857 /* util */ = {
			isa = PBXGroup;
			children = (
				B60FC73420DAF21B00A3D857 /* AnalyticsTracker.swift */,
			);
			path = util;
			sourceTree = "<group>";
		};
		B60FC73F20DB150800A3D857 /* protocol */ = {
			isa = PBXGroup;
			children = (
				B60FC74020DB151800A3D857 /* AnalyticsDisplayTrackable.swift */,
			);
			path = protocol;
			sourceTree = "<group>";
		};
		B63DA15720D9BFFE00BEA8A0 /* Fruit */ = {
			isa = PBXGroup;
			children = (
				B63DA15A20D9C01A00BEA8A0 /* viewmodel */,
				B63DA15920D9C01700BEA8A0 /* service */,
				B63DA15820D9C01400BEA8A0 /* viewcontroller */,
			);
			path = Fruit;
			sourceTree = "<group>";
		};
		B63DA15820D9C01400BEA8A0 /* viewcontroller */ = {
			isa = PBXGroup;
			children = (
				B63DA15B20D9C05100BEA8A0 /* FruitsViewControllerTests.swift */,
			);
			path = viewcontroller;
			sourceTree = "<group>";
		};
		B63DA15920D9C01700BEA8A0 /* service */ = {
			isa = PBXGroup;
			children = (
				B60FC72E20DAE78E00A3D857 /* FruitServiceTests.swift */,
			);
			path = service;
			sourceTree = "<group>";
		};
		B63DA15A20D9C01A00BEA8A0 /* viewmodel */ = {
			isa = PBXGroup;
			children = (
				B60FC73020DAE9EF00A3D857 /* FruitsViewModelTests.swift */,
			);
			path = viewmodel;
			sourceTree = "<group>";
		};
		B680832520D846CE0090362C = {
			isa = PBXGroup;
			children = (
				B680833020D846CE0090362C /* FruitApp */,
				B680834520D846D00090362C /* FruitAppTests */,
				B680832F20D846CE0090362C /* Products */,
				FCE1237AAE3C7EDF33922C74 /* Pods */,
				90834CB1DF877B66145D36F7 /* Frameworks */,
			);
			sourceTree = "<group>";
		};
		B680832F20D846CE0090362C /* Products */ = {
			isa = PBXGroup;
			children = (
				B680832E20D846CE0090362C /* FruitApp.app */,
				B680834220D846D00090362C /* FruitAppTests.xctest */,
			);
			name = Products;
			sourceTree = "<group>";
		};
		B680833020D846CE0090362C /* FruitApp */ = {
			isa = PBXGroup;
			children = (
				B6B2C49420D853470057ABD9 /* App */,
				B6B2C49920D854BD0057ABD9 /* Fruit */,
				B6B2C4FC20D994D40057ABD9 /* FruitDetail */,
				B60FC73220DAF1E900A3D857 /* Analytics */,
				B6B2C49820D8542C0057ABD9 /* Shared */,
				B6B2C48D20D84A8E0057ABD9 /* SupportFiles */,
				B680833D20D846D00090362C /* Info.plist */,
			);
			path = FruitApp;
			sourceTree = "<group>";
		};
		B680834520D846D00090362C /* FruitAppTests */ = {
			isa = PBXGroup;
			children = (
				B63DA15720D9BFFE00BEA8A0 /* Fruit */,
				B6B2C54320D9AE6B0057ABD9 /* Mocks */,
				B6B2C53820D9AD860057ABD9 /* Shared */,
				B6B2C52920D9AA500057ABD9 /* Mothers */,
				B6B2C53C20D9AE0A0057ABD9 /* HttpMocks */,
				B6B2C52020D9A9F60057ABD9 /* Resources */,
				B6B2C51920D9A9E80057ABD9 /* Helper */,
				B680834820D846D00090362C /* Info.plist */,
			);
			path = FruitAppTests;
			sourceTree = "<group>";
		};
		B6B2C48D20D84A8E0057ABD9 /* SupportFiles */ = {
			isa = PBXGroup;
			children = (
				B680833820D846D00090362C /* Assets.xcassets */,
				B680833A20D846D00090362C /* LaunchScreen.storyboard */,
			);
			path = SupportFiles;
			sourceTree = "<group>";
		};
		B6B2C49420D853470057ABD9 /* App */ = {
			isa = PBXGroup;
			children = (
				B680833120D846CE0090362C /* AppDelegate.swift */,
				B6B2C49220D853410057ABD9 /* FruitApp.swift */,
				B6B2C49520D853AF0057ABD9 /* router */,
			);
			path = App;
			sourceTree = "<group>";
		};
		B6B2C49520D853AF0057ABD9 /* router */ = {
			isa = PBXGroup;
			children = (
				B6B2C49620D853F90057ABD9 /* FruitAppRouter.swift */,
			);
			path = router;
			sourceTree = "<group>";
		};
		B6B2C49820D8542C0057ABD9 /* Shared */ = {
			isa = PBXGroup;
			children = (
				B6B2C54D20D9B5AA0057ABD9 /* extension */,
				B6B2C4DA20D85B390057ABD9 /* protocol */,
				B6B2C4C520D85AC20057ABD9 /* util */,
				B6B2C4C420D85AA90057ABD9 /* model */,
				B6B2C4AE20D859B80057ABD9 /* datasource */,
				B6B2C4A520D859A00057ABD9 /* extension */,
			);
			path = Shared;
			sourceTree = "<group>";
		};
		B6B2C49920D854BD0057ABD9 /* Fruit */ = {
			isa = PBXGroup;
			children = (
				B6B2C51020D99DD70057ABD9 /* protocol */,
				B6B2C50D20D999810057ABD9 /* view */,
				B6B2C50720D998000057ABD9 /* service */,
				B6B2C4F720D85C950057ABD9 /* resource */,
				B6B2C4F420D85C280057ABD9 /* request */,
				B6B2C4F120D85BD40057ABD9 /* remote */,
				B6B2C4A220D8584D0057ABD9 /* viewmodel */,
				B6B2C49F20D857F30057ABD9 /* router */,
				B6B2C49A20D854C70057ABD9 /* viewcontroller */,
			);
			path = Fruit;
			sourceTree = "<group>";
		};
		B6B2C49A20D854C70057ABD9 /* viewcontroller */ = {
			isa = PBXGroup;
			children = (
				B6B2C49B20D855760057ABD9 /* FruitsViewController.swift */,
				B6B2C49D20D856FB0057ABD9 /* FruitsViewController.storyboard */,
			);
			path = viewcontroller;
			sourceTree = "<group>";
		};
		B6B2C49F20D857F30057ABD9 /* router */ = {
			isa = PBXGroup;
			children = (
				B6B2C4A020D8580F0057ABD9 /* FruitsRouter.swift */,
			);
			path = router;
			sourceTree = "<group>";
		};
		B6B2C4A220D8584D0057ABD9 /* viewmodel */ = {
			isa = PBXGroup;
			children = (
				B6B2C4A320D858590057ABD9 /* FruitsViewModel.swift */,
			);
			path = viewmodel;
			sourceTree = "<group>";
		};
		B6B2C4A520D859A00057ABD9 /* extension */ = {
			isa = PBXGroup;
			children = (
				B6B2C4A920D859A00057ABD9 /* Reactive+Extension.swift */,
			);
			path = extension;
			sourceTree = "<group>";
		};
		B6B2C4AE20D859B80057ABD9 /* datasource */ = {
			isa = PBXGroup;
			children = (
				B6B2C4B020D859B80057ABD9 /* TableViewDataSource.swift */,
				B6B2C4B120D859B80057ABD9 /* TableViewDelegate.swift */,
			);
			path = datasource;
			sourceTree = "<group>";
		};
		B6B2C4B520D85A810057ABD9 /* error */ = {
			isa = PBXGroup;
			children = (
				B6B2C4B620D85A810057ABD9 /* ApiError.swift */,
				B6B2C4B720D85A810057ABD9 /* ApiRequestError.swift */,
				B6B2C4B820D85A810057ABD9 /* ClassError.swift */,
			);
			path = error;
			sourceTree = "<group>";
		};
		B6B2C4C420D85AA90057ABD9 /* model */ = {
			isa = PBXGroup;
			children = (
				B60FC73620DAF22500A3D857 /* analytics */,
				B6B2C4B520D85A810057ABD9 /* error */,
				B6B2C4BD20D85A900057ABD9 /* ApiResponse.swift */,
				B6B2C4BF20D85A900057ABD9 /* HttpMethod.swift */,
				B6B2C4BE20D85A900057ABD9 /* HttpResponse.swift */,
				B6B2C4BC20D85A900057ABD9 /* HttpStatusCode.swift */,
			);
			path = model;
			sourceTree = "<group>";
		};
		B6B2C4C520D85AC20057ABD9 /* util */ = {
			isa = PBXGroup;
			children = (
				B6B2C4C620D85AC20057ABD9 /* RemoteCreatable.swift */,
				B6B2C4C720D85AC20057ABD9 /* Service.swift */,
				B6B2C4C820D85AC20057ABD9 /* ApiClient.swift */,
				B6B2C4C920D85AC20057ABD9 /* ComponentCreator.swift */,
				B6B2C4CA20D85AC20057ABD9 /* HttpClient.swift */,
				B6B2C4CB20D85AC20057ABD9 /* ServiceCreatable.swift */,
				B6B2C4CC20D85AC20057ABD9 /* UtilityCreatable.swift */,
				B6B2C4CD20D85AC20057ABD9 /* RouterCreatable.swift */,
				B6B2C4CE20D85AC20057ABD9 /* ComponentCreatable.swift */,
			);
			path = util;
			sourceTree = "<group>";
		};
		B6B2C4DA20D85B390057ABD9 /* protocol */ = {
			isa = PBXGroup;
			children = (
				B6B2C4DD20D85B390057ABD9 /* TableViewItem.swift */,
				B6B2C4DE20D85B390057ABD9 /* Navigation.swift */,
				B6B2C4DF20D85B390057ABD9 /* TableViewCell.swift */,
				B6B2C4E020D85B390057ABD9 /* ViewControllerCreatable.swift */,
				B6B2C4E120D85B390057ABD9 /* ViewModel.swift */,
				B6B2C4E320D85B390057ABD9 /* Resource.swift */,
				B6B2C4E420D85B390057ABD9 /* ApiRequest.swift */,
				B6B2C4E520D85B390057ABD9 /* ModelableViewController.swift */,
				B6B2C51320D9A21E0057ABD9 /* PriceFormattable.swift */,
				B6B2C51520D9A24A0057ABD9 /* WeightFormattable.swift */,
			);
			path = protocol;
			sourceTree = "<group>";
		};
		B6B2C4F120D85BD40057ABD9 /* remote */ = {
			isa = PBXGroup;
			children = (
				B6B2C4F220D85BED0057ABD9 /* FruitRemote.swift */,
			);
			path = remote;
			sourceTree = "<group>";
		};
		B6B2C4F420D85C280057ABD9 /* request */ = {
			isa = PBXGroup;
			children = (
				B6B2C4F520D85C340057ABD9 /* FruitsRequest.swift */,
			);
			path = request;
			sourceTree = "<group>";
		};
		B6B2C4F720D85C950057ABD9 /* resource */ = {
			isa = PBXGroup;
			children = (
				B6B2C4F820D85CA20057ABD9 /* FruitsResource.swift */,
				B6B2C4FA20D85D290057ABD9 /* FruitResource.swift */,
			);
			path = resource;
			sourceTree = "<group>";
		};
		B6B2C4FC20D994D40057ABD9 /* FruitDetail */ = {
			isa = PBXGroup;
			children = (
				B6B2C50A20D998820057ABD9 /* router */,
				B6B2C50020D994F80057ABD9 /* viewmodel */,
				B6B2C4FF20D994F50057ABD9 /* viewcontroller */,
			);
			path = FruitDetail;
			sourceTree = "<group>";
		};
		B6B2C4FF20D994F50057ABD9 /* viewcontroller */ = {
			isa = PBXGroup;
			children = (
				B6B2C50120D995A30057ABD9 /* FruitDetailViewController.swift */,
				B6B2C50320D996340057ABD9 /* FruitDetailViewController.storyboard */,
			);
			path = viewcontroller;
			sourceTree = "<group>";
		};
		B6B2C50020D994F80057ABD9 /* viewmodel */ = {
			isa = PBXGroup;
			children = (
				B6B2C50520D996A60057ABD9 /* FruitDetailViewModel.swift */,
			);
			path = viewmodel;
			sourceTree = "<group>";
		};
		B6B2C50720D998000057ABD9 /* service */ = {
			isa = PBXGroup;
			children = (
				B6B2C50820D998100057ABD9 /* FruitService.swift */,
			);
			path = service;
			sourceTree = "<group>";
		};
		B6B2C50A20D998820057ABD9 /* router */ = {
			isa = PBXGroup;
			children = (
				B6B2C50B20D998970057ABD9 /* FruitDetailRouter.swift */,
			);
			path = router;
			sourceTree = "<group>";
		};
		B6B2C50D20D999810057ABD9 /* view */ = {
			isa = PBXGroup;
			children = (
				B6B2C50E20D9998A0057ABD9 /* FruitCell.swift */,
			);
			path = view;
			sourceTree = "<group>";
		};
		B6B2C51020D99DD70057ABD9 /* protocol */ = {
			isa = PBXGroup;
			children = (
				B6B2C51120D99DE90057ABD9 /* FruitDetailRepsentable.swift */,
			);
			path = protocol;
			sourceTree = "<group>";
		};
		B6B2C51920D9A9E80057ABD9 /* Helper */ = {
			isa = PBXGroup;
			children = (
				B6B2C51A20D9A9E80057ABD9 /* FileHelper.swift */,
				B6B2C51B20D9A9E80057ABD9 /* RxCollector.swift */,
				B6B2C51C20D9A9E80057ABD9 /* NibCreator.swift */,
			);
			path = Helper;
			sourceTree = "<group>";
		};
		B6B2C52020D9A9F60057ABD9 /* Resources */ = {
			isa = PBXGroup;
			children = (
				B6B2C52220D9A9F60057ABD9 /* empty.json */,
				B6B2C52320D9A9F60057ABD9 /* apple.json */,
				B6B2C52420D9A9F60057ABD9 /* fruits.json */,
			);
			path = Resources;
			sourceTree = "<group>";
		};
		B6B2C52920D9AA500057ABD9 /* Mothers */ = {
			isa = PBXGroup;
			children = (
				B6B2C52E20D9AA500057ABD9 /* HttpResponseMother.swift */,
				B6B2C53020D9AA500057ABD9 /* FruitMother.swift */,
			);
			path = Mothers;
			sourceTree = "<group>";
		};
		B6B2C53820D9AD860057ABD9 /* Shared */ = {
			isa = PBXGroup;
			children = (
				B6B2C54620D9B0680057ABD9 /* model */,
				B6B2C53920D9AD8E0057ABD9 /* protocol */,
			);
			path = Shared;
			sourceTree = "<group>";
		};
		B6B2C53920D9AD8E0057ABD9 /* protocol */ = {
			isa = PBXGroup;
			children = (
				B6B2C53A20D9AD990057ABD9 /* ApiRequestTests.swift */,
			);
			path = protocol;
			sourceTree = "<group>";
		};
		B6B2C53C20D9AE0A0057ABD9 /* HttpMocks */ = {
			isa = PBXGroup;
			children = (
				B6B2C53E20D9AE0A0057ABD9 /* Constants.swift */,
				B6B2C53F20D9AE0A0057ABD9 /* FruitHttpMocker.swift */,
			);
			path = HttpMocks;
			sourceTree = "<group>";
		};
		B6B2C54320D9AE6B0057ABD9 /* Mocks */ = {
			isa = PBXGroup;
			children = (
				B63DA15120D9BD8600BEA8A0 /* MockComponentCreator.swift */,
				B63DA15320D9BD9000BEA8A0 /* MockFruitService.swift */,
				B63DA15520D9BD9600BEA8A0 /* MockFruitDetailRouter.swift */,
				B6B2C54420D9AE7D0057ABD9 /* MockFruitsRequest.swift */,
			);
			path = Mocks;
			sourceTree = "<group>";
		};
		B6B2C54620D9B0680057ABD9 /* model */ = {
			isa = PBXGroup;
			children = (
				B6B2C54720D9B0730057ABD9 /* ApiResponseTests.swift */,
			);
			path = model;
			sourceTree = "<group>";
		};
		B6B2C54D20D9B5AA0057ABD9 /* extension */ = {
			isa = PBXGroup;
			children = (
				B6B2C55020D9B5AA0057ABD9 /* UITableView+Extension.swift */,
			);
			name = extension;
			path = ../../../ShoppingApp/ShoppingApp/Shared/extension;
			sourceTree = "<group>";
		};
		FCE1237AAE3C7EDF33922C74 /* Pods */ = {
			isa = PBXGroup;
			children = (
				EE3B4DBAACBC453F900B53C1 /* Pods-FruitApp.debug.xcconfig */,
				80F7E48293A8E78194C34FFF /* Pods-FruitApp.release.xcconfig */,
				3C1950C0D1504FFA5D083776 /* Pods-FruitAppTests.debug.xcconfig */,
				5B47C4A6CCF71CAE4112172A /* Pods-FruitAppTests.release.xcconfig */,
			);
			name = Pods;
			sourceTree = "<group>";
		};
/* End PBXGroup section */

/* Begin PBXNativeTarget section */
		B680832D20D846CE0090362C /* FruitApp */ = {
			isa = PBXNativeTarget;
			buildConfigurationList = B680834B20D846D00090362C /* Build configuration list for PBXNativeTarget "FruitApp" */;
			buildPhases = (
				470104FA3A42BB0519FFFB91 /* [CP] Check Pods Manifest.lock */,
				B680832A20D846CE0090362C /* Sources */,
				B680832B20D846CE0090362C /* Frameworks */,
				B680832C20D846CE0090362C /* Resources */,
				B6B2C48E20D84ACA0057ABD9 /* SwiftLint */,
				3873BAC4041655A08B162556 /* [CP] Embed Pods Frameworks */,
			);
			buildRules = (
			);
			dependencies = (
			);
			name = FruitApp;
			productName = FruitApp;
			productReference = B680832E20D846CE0090362C /* FruitApp.app */;
			productType = "com.apple.product-type.application";
		};
		B680834120D846D00090362C /* FruitAppTests */ = {
			isa = PBXNativeTarget;
			buildConfigurationList = B680834E20D846D00090362C /* Build configuration list for PBXNativeTarget "FruitAppTests" */;
			buildPhases = (
				43FD22E711093B93C82B7D45 /* [CP] Check Pods Manifest.lock */,
				B680833E20D846D00090362C /* Sources */,
				B680833F20D846D00090362C /* Frameworks */,
				B680834020D846D00090362C /* Resources */,
				01F0F68FDE645546A0083093 /* [CP] Embed Pods Frameworks */,
			);
			buildRules = (
			);
			dependencies = (
				B680834420D846D00090362C /* PBXTargetDependency */,
			);
			name = FruitAppTests;
			productName = FruitAppTests;
			productReference = B680834220D846D00090362C /* FruitAppTests.xctest */;
			productType = "com.apple.product-type.bundle.unit-test";
		};
/* End PBXNativeTarget section */

/* Begin PBXProject section */
		B680832620D846CE0090362C /* Project object */ = {
			isa = PBXProject;
			attributes = {
				LastSwiftUpdateCheck = 0940;
				LastUpgradeCheck = 0940;
				ORGANIZATIONNAME = bbc;
				TargetAttributes = {
					B680832D20D846CE0090362C = {
						CreatedOnToolsVersion = 9.4.1;
					};
					B680834120D846D00090362C = {
						CreatedOnToolsVersion = 9.4.1;
						TestTargetID = B680832D20D846CE0090362C;
					};
				};
			};
			buildConfigurationList = B680832920D846CE0090362C /* Build configuration list for PBXProject "FruitApp" */;
			compatibilityVersion = "Xcode 9.3";
			developmentRegion = en;
			hasScannedForEncodings = 0;
			knownRegions = (
				en,
				Base,
			);
			mainGroup = B680832520D846CE0090362C;
			productRefGroup = B680832F20D846CE0090362C /* Products */;
			projectDirPath = "";
			projectRoot = "";
			targets = (
				B680832D20D846CE0090362C /* FruitApp */,
				B680834120D846D00090362C /* FruitAppTests */,
			);
		};
/* End PBXProject section */

/* Begin PBXResourcesBuildPhase section */
		B680832C20D846CE0090362C /* Resources */ = {
			isa = PBXResourcesBuildPhase;
			buildActionMask = 2147483647;
			files = (
				B680833C20D846D00090362C /* LaunchScreen.storyboard in Resources */,
				B680833920D846D00090362C /* Assets.xcassets in Resources */,
				B6B2C49E20D856FB0057ABD9 /* FruitsViewController.storyboard in Resources */,
				B6B2C50420D996340057ABD9 /* FruitDetailViewController.storyboard in Resources */,
			);
			runOnlyForDeploymentPostprocessing = 0;
		};
		B680834020D846D00090362C /* Resources */ = {
			isa = PBXResourcesBuildPhase;
			buildActionMask = 2147483647;
			files = (
				B6B2C52720D9A9F60057ABD9 /* apple.json in Resources */,
				B6B2C52820D9A9F60057ABD9 /* fruits.json in Resources */,
				B6B2C52620D9A9F60057ABD9 /* empty.json in Resources */,
			);
			runOnlyForDeploymentPostprocessing = 0;
		};
/* End PBXResourcesBuildPhase section */

/* Begin PBXShellScriptBuildPhase section */
		01F0F68FDE645546A0083093 /* [CP] Embed Pods Frameworks */ = {
			isa = PBXShellScriptBuildPhase;
			buildActionMask = 2147483647;
			files = (
			);
			inputPaths = (
				"${SRCROOT}/Pods/Target Support Files/Pods-FruitAppTests/Pods-FruitAppTests-frameworks.sh",
				"${BUILT_PRODUCTS_DIR}/RxCocoa/RxCocoa.framework",
				"${BUILT_PRODUCTS_DIR}/RxSwift/RxSwift.framework",
				"${BUILT_PRODUCTS_DIR}/OHHTTPStubs/OHHTTPStubs.framework",
			);
			name = "[CP] Embed Pods Frameworks";
			outputPaths = (
				"${TARGET_BUILD_DIR}/${FRAMEWORKS_FOLDER_PATH}/RxCocoa.framework",
				"${TARGET_BUILD_DIR}/${FRAMEWORKS_FOLDER_PATH}/RxSwift.framework",
				"${TARGET_BUILD_DIR}/${FRAMEWORKS_FOLDER_PATH}/OHHTTPStubs.framework",
			);
			runOnlyForDeploymentPostprocessing = 0;
			shellPath = /bin/sh;
			shellScript = "\"${SRCROOT}/Pods/Target Support Files/Pods-FruitAppTests/Pods-FruitAppTests-frameworks.sh\"\n";
			showEnvVarsInLog = 0;
		};
		3873BAC4041655A08B162556 /* [CP] Embed Pods Frameworks */ = {
			isa = PBXShellScriptBuildPhase;
			buildActionMask = 2147483647;
			files = (
			);
			inputPaths = (
				"${SRCROOT}/Pods/Target Support Files/Pods-FruitApp/Pods-FruitApp-frameworks.sh",
				"${BUILT_PRODUCTS_DIR}/RxCocoa/RxCocoa.framework",
				"${BUILT_PRODUCTS_DIR}/RxSwift/RxSwift.framework",
			);
			name = "[CP] Embed Pods Frameworks";
			outputPaths = (
				"${TARGET_BUILD_DIR}/${FRAMEWORKS_FOLDER_PATH}/RxCocoa.framework",
				"${TARGET_BUILD_DIR}/${FRAMEWORKS_FOLDER_PATH}/RxSwift.framework",
			);
			runOnlyForDeploymentPostprocessing = 0;
			shellPath = /bin/sh;
			shellScript = "\"${SRCROOT}/Pods/Target Support Files/Pods-FruitApp/Pods-FruitApp-frameworks.sh\"\n";
			showEnvVarsInLog = 0;
		};
		43FD22E711093B93C82B7D45 /* [CP] Check Pods Manifest.lock */ = {
			isa = PBXShellScriptBuildPhase;
			buildActionMask = 2147483647;
			files = (
			);
			inputPaths = (
				"${PODS_PODFILE_DIR_PATH}/Podfile.lock",
				"${PODS_ROOT}/Manifest.lock",
			);
			name = "[CP] Check Pods Manifest.lock";
			outputPaths = (
				"$(DERIVED_FILE_DIR)/Pods-FruitAppTests-checkManifestLockResult.txt",
			);
			runOnlyForDeploymentPostprocessing = 0;
			shellPath = /bin/sh;
			shellScript = "diff \"${PODS_PODFILE_DIR_PATH}/Podfile.lock\" \"${PODS_ROOT}/Manifest.lock\" > /dev/null\nif [ $? != 0 ] ; then\n    # print error to STDERR\n    echo \"error: The sandbox is not in sync with the Podfile.lock. Run 'pod install' or update your CocoaPods installation.\" >&2\n    exit 1\nfi\n# This output is used by Xcode 'outputs' to avoid re-running this script phase.\necho \"SUCCESS\" > \"${SCRIPT_OUTPUT_FILE_0}\"\n";
			showEnvVarsInLog = 0;
		};
		470104FA3A42BB0519FFFB91 /* [CP] Check Pods Manifest.lock */ = {
			isa = PBXShellScriptBuildPhase;
			buildActionMask = 2147483647;
			files = (
			);
			inputPaths = (
				"${PODS_PODFILE_DIR_PATH}/Podfile.lock",
				"${PODS_ROOT}/Manifest.lock",
			);
			name = "[CP] Check Pods Manifest.lock";
			outputPaths = (
				"$(DERIVED_FILE_DIR)/Pods-FruitApp-checkManifestLockResult.txt",
			);
			runOnlyForDeploymentPostprocessing = 0;
			shellPath = /bin/sh;
			shellScript = "diff \"${PODS_PODFILE_DIR_PATH}/Podfile.lock\" \"${PODS_ROOT}/Manifest.lock\" > /dev/null\nif [ $? != 0 ] ; then\n    # print error to STDERR\n    echo \"error: The sandbox is not in sync with the Podfile.lock. Run 'pod install' or update your CocoaPods installation.\" >&2\n    exit 1\nfi\n# This output is used by Xcode 'outputs' to avoid re-running this script phase.\necho \"SUCCESS\" > \"${SCRIPT_OUTPUT_FILE_0}\"\n";
			showEnvVarsInLog = 0;
		};
		B6B2C48E20D84ACA0057ABD9 /* SwiftLint */ = {
			isa = PBXShellScriptBuildPhase;
			buildActionMask = 2147483647;
			files = (
			);
			inputPaths = (
			);
			name = SwiftLint;
			outputPaths = (
			);
			runOnlyForDeploymentPostprocessing = 0;
			shellPath = /bin/sh;
			shellScript = "\"${PODS_ROOT}/SwiftLint/swiftlint\" --config \"$SRCROOT/.swiftlint.yml\"\necho \"swift lint run\"";
		};
/* End PBXShellScriptBuildPhase section */

/* Begin PBXSourcesBuildPhase section */
		B680832A20D846CE0090362C /* Sources */ = {
			isa = PBXSourcesBuildPhase;
			buildActionMask = 2147483647;
			files = (
				B60FC74120DB151800A3D857 /* AnalyticsDisplayTrackable.swift in Sources */,
				B6B2C55420D9B5AB0057ABD9 /* UITableView+Extension.swift in Sources */,
				B6B2C4F920D85CA20057ABD9 /* FruitsResource.swift in Sources */,
				B6B2C4B920D85A810057ABD9 /* ApiError.swift in Sources */,
				B6B2C4D820D85AC20057ABD9 /* ComponentCreatable.swift in Sources */,
				B6B2C4D320D85AC20057ABD9 /* ComponentCreator.swift in Sources */,
				B6B2C4EC20D85B390057ABD9 /* ViewModel.swift in Sources */,
				B6B2C49C20D855760057ABD9 /* FruitsViewController.swift in Sources */,
				B6B2C50620D996A60057ABD9 /* FruitDetailViewModel.swift in Sources */,
				B60FC73A20DAF50400A3D857 /* AnalyticsRequest.swift in Sources */,
				B6B2C4C120D85A900057ABD9 /* ApiResponse.swift in Sources */,
				B60FC73820DAF23300A3D857 /* AnalyticsEvent.swift in Sources */,
				B6B2C4FB20D85D290057ABD9 /* FruitResource.swift in Sources */,
				B6B2C51820D9A2B10057ABD9 /* PriceFormattable.swift in Sources */,
				B6B2C51220D99DE90057ABD9 /* FruitDetailRepsentable.swift in Sources */,
				B6B2C4EE20D85B390057ABD9 /* Resource.swift in Sources */,
				B6B2C4A120D8580F0057ABD9 /* FruitsRouter.swift in Sources */,
				B6B2C51720D9A2A90057ABD9 /* WeightFormattable.swift in Sources */,
				B60FC73E20DAF6AF00A3D857 /* AnalyticsEventDetail.swift in Sources */,
				B680833220D846CE0090362C /* AppDelegate.swift in Sources */,
				B6B2C4BB20D85A810057ABD9 /* ClassError.swift in Sources */,
				B6B2C4EF20D85B390057ABD9 /* ApiRequest.swift in Sources */,
				B60FC73520DAF21B00A3D857 /* AnalyticsTracker.swift in Sources */,
				B6B2C4D620D85AC20057ABD9 /* UtilityCreatable.swift in Sources */,
				B6B2C4D020D85AC20057ABD9 /* RemoteCreatable.swift in Sources */,
				B6B2C4C020D85A900057ABD9 /* HttpStatusCode.swift in Sources */,
				B6B2C4C320D85A900057ABD9 /* HttpMethod.swift in Sources */,
				B6B2C4D120D85AC20057ABD9 /* Service.swift in Sources */,
				B6B2C4F020D85B390057ABD9 /* ModelableViewController.swift in Sources */,
				B6B2C50920D998100057ABD9 /* FruitService.swift in Sources */,
				B6B2C49320D853410057ABD9 /* FruitApp.swift in Sources */,
				B6B2C4EA20D85B390057ABD9 /* TableViewCell.swift in Sources */,
				B6B2C4D720D85AC20057ABD9 /* RouterCreatable.swift in Sources */,
				B6B2C50F20D9998A0057ABD9 /* FruitCell.swift in Sources */,
				B6B2C50C20D998970057ABD9 /* FruitDetailRouter.swift in Sources */,
				B6B2C4B320D859B80057ABD9 /* TableViewDataSource.swift in Sources */,
				B6B2C4EB20D85B390057ABD9 /* ViewControllerCreatable.swift in Sources */,
				B6B2C49720D853F90057ABD9 /* FruitAppRouter.swift in Sources */,
				B6B2C4A420D858590057ABD9 /* FruitsViewModel.swift in Sources */,
				B6B2C4C220D85A900057ABD9 /* HttpResponse.swift in Sources */,
				B6B2C4E820D85B390057ABD9 /* TableViewItem.swift in Sources */,
				B6B2C4BA20D85A810057ABD9 /* ApiRequestError.swift in Sources */,
				B6B2C4D420D85AC20057ABD9 /* HttpClient.swift in Sources */,
				B6B2C4D520D85AC20057ABD9 /* ServiceCreatable.swift in Sources */,
				B6B2C4E920D85B390057ABD9 /* Navigation.swift in Sources */,
				B6B2C4AD20D859A00057ABD9 /* Reactive+Extension.swift in Sources */,
				B6B2C4B420D859B80057ABD9 /* TableViewDelegate.swift in Sources */,
				B6B2C4F620D85C340057ABD9 /* FruitsRequest.swift in Sources */,
				B6B2C50220D995A30057ABD9 /* FruitDetailViewController.swift in Sources */,
				B6B2C4D220D85AC20057ABD9 /* ApiClient.swift in Sources */,
				B6B2C4F320D85BED0057ABD9 /* FruitRemote.swift in Sources */,
			);
			runOnlyForDeploymentPostprocessing = 0;
		};
		B680833E20D846D00090362C /* Sources */ = {
			isa = PBXSourcesBuildPhase;
			buildActionMask = 2147483647;
			files = (
				B63DA15220D9BD8600BEA8A0 /* MockComponentCreator.swift in Sources */,
				B6B2C53B20D9AD990057ABD9 /* ApiRequestTests.swift in Sources */,
				B63DA15620D9BD9600BEA8A0 /* MockFruitDetailRouter.swift in Sources */,
				B6B2C54220D9AE0A0057ABD9 /* FruitHttpMocker.swift in Sources */,
				B6B2C53520D9AA500057ABD9 /* HttpResponseMother.swift in Sources */,
				B6B2C53720D9AA500057ABD9 /* FruitMother.swift in Sources */,
				B60FC72F20DAE78E00A3D857 /* FruitServiceTests.swift in Sources */,
				B6B2C51F20D9A9E80057ABD9 /* NibCreator.swift in Sources */,
				B6B2C51D20D9A9E80057ABD9 /* FileHelper.swift in Sources */,
				B63DA15C20D9C05100BEA8A0 /* FruitsViewControllerTests.swift in Sources */,
				B60FC73120DAE9EF00A3D857 /* FruitsViewModelTests.swift in Sources */,
				B63DA15420D9BD9000BEA8A0 /* MockFruitService.swift in Sources */,
				B6B2C51E20D9A9E80057ABD9 /* RxCollector.swift in Sources */,
				B6B2C54120D9AE0A0057ABD9 /* Constants.swift in Sources */,
				B6B2C54520D9AE7D0057ABD9 /* MockFruitsRequest.swift in Sources */,
				B6B2C54820D9B0730057ABD9 /* ApiResponseTests.swift in Sources */,
			);
			runOnlyForDeploymentPostprocessing = 0;
		};
/* End PBXSourcesBuildPhase section */

/* Begin PBXTargetDependency section */
		B680834420D846D00090362C /* PBXTargetDependency */ = {
			isa = PBXTargetDependency;
			target = B680832D20D846CE0090362C /* FruitApp */;
			targetProxy = B680834320D846D00090362C /* PBXContainerItemProxy */;
		};
/* End PBXTargetDependency section */

/* Begin PBXVariantGroup section */
		B680833A20D846D00090362C /* LaunchScreen.storyboard */ = {
			isa = PBXVariantGroup;
			children = (
				B680833B20D846D00090362C /* Base */,
			);
			name = LaunchScreen.storyboard;
			sourceTree = "<group>";
		};
/* End PBXVariantGroup section */

/* Begin XCBuildConfiguration section */
		B680834920D846D00090362C /* Debug */ = {
			isa = XCBuildConfiguration;
			buildSettings = {
				ALWAYS_SEARCH_USER_PATHS = NO;
				CLANG_ANALYZER_NONNULL = YES;
				CLANG_ANALYZER_NUMBER_OBJECT_CONVERSION = YES_AGGRESSIVE;
				CLANG_CXX_LANGUAGE_STANDARD = "gnu++14";
				CLANG_CXX_LIBRARY = "libc++";
				CLANG_ENABLE_MODULES = YES;
				CLANG_ENABLE_OBJC_ARC = YES;
				CLANG_ENABLE_OBJC_WEAK = YES;
				CLANG_WARN_BLOCK_CAPTURE_AUTORELEASING = YES;
				CLANG_WARN_BOOL_CONVERSION = YES;
				CLANG_WARN_COMMA = YES;
				CLANG_WARN_CONSTANT_CONVERSION = YES;
				CLANG_WARN_DEPRECATED_OBJC_IMPLEMENTATIONS = YES;
				CLANG_WARN_DIRECT_OBJC_ISA_USAGE = YES_ERROR;
				CLANG_WARN_DOCUMENTATION_COMMENTS = YES;
				CLANG_WARN_EMPTY_BODY = YES;
				CLANG_WARN_ENUM_CONVERSION = YES;
				CLANG_WARN_INFINITE_RECURSION = YES;
				CLANG_WARN_INT_CONVERSION = YES;
				CLANG_WARN_NON_LITERAL_NULL_CONVERSION = YES;
				CLANG_WARN_OBJC_IMPLICIT_RETAIN_SELF = YES;
				CLANG_WARN_OBJC_LITERAL_CONVERSION = YES;
				CLANG_WARN_OBJC_ROOT_CLASS = YES_ERROR;
				CLANG_WARN_RANGE_LOOP_ANALYSIS = YES;
				CLANG_WARN_STRICT_PROTOTYPES = YES;
				CLANG_WARN_SUSPICIOUS_MOVE = YES;
				CLANG_WARN_UNGUARDED_AVAILABILITY = YES_AGGRESSIVE;
				CLANG_WARN_UNREACHABLE_CODE = YES;
				CLANG_WARN__DUPLICATE_METHOD_MATCH = YES;
				CODE_SIGN_IDENTITY = "iPhone Developer";
				COPY_PHASE_STRIP = NO;
				DEBUG_INFORMATION_FORMAT = dwarf;
				ENABLE_STRICT_OBJC_MSGSEND = YES;
				ENABLE_TESTABILITY = YES;
				GCC_C_LANGUAGE_STANDARD = gnu11;
				GCC_DYNAMIC_NO_PIC = NO;
				GCC_NO_COMMON_BLOCKS = YES;
				GCC_OPTIMIZATION_LEVEL = 0;
				GCC_PREPROCESSOR_DEFINITIONS = (
					"DEBUG=1",
					"$(inherited)",
				);
				GCC_WARN_64_TO_32_BIT_CONVERSION = YES;
				GCC_WARN_ABOUT_RETURN_TYPE = YES_ERROR;
				GCC_WARN_UNDECLARED_SELECTOR = YES;
				GCC_WARN_UNINITIALIZED_AUTOS = YES_AGGRESSIVE;
				GCC_WARN_UNUSED_FUNCTION = YES;
				GCC_WARN_UNUSED_VARIABLE = YES;
				IPHONEOS_DEPLOYMENT_TARGET = 10.0;
				MTL_ENABLE_DEBUG_INFO = YES;
				ONLY_ACTIVE_ARCH = YES;
				SDKROOT = iphoneos;
				SWIFT_ACTIVE_COMPILATION_CONDITIONS = DEBUG;
				SWIFT_OPTIMIZATION_LEVEL = "-Onone";
			};
			name = Debug;
		};
		B680834A20D846D00090362C /* Release */ = {
			isa = XCBuildConfiguration;
			buildSettings = {
				ALWAYS_SEARCH_USER_PATHS = NO;
				CLANG_ANALYZER_NONNULL = YES;
				CLANG_ANALYZER_NUMBER_OBJECT_CONVERSION = YES_AGGRESSIVE;
				CLANG_CXX_LANGUAGE_STANDARD = "gnu++14";
				CLANG_CXX_LIBRARY = "libc++";
				CLANG_ENABLE_MODULES = YES;
				CLANG_ENABLE_OBJC_ARC = YES;
				CLANG_ENABLE_OBJC_WEAK = YES;
				CLANG_WARN_BLOCK_CAPTURE_AUTORELEASING = YES;
				CLANG_WARN_BOOL_CONVERSION = YES;
				CLANG_WARN_COMMA = YES;
				CLANG_WARN_CONSTANT_CONVERSION = YES;
				CLANG_WARN_DEPRECATED_OBJC_IMPLEMENTATIONS = YES;
				CLANG_WARN_DIRECT_OBJC_ISA_USAGE = YES_ERROR;
				CLANG_WARN_DOCUMENTATION_COMMENTS = YES;
				CLANG_WARN_EMPTY_BODY = YES;
				CLANG_WARN_ENUM_CONVERSION = YES;
				CLANG_WARN_INFINITE_RECURSION = YES;
				CLANG_WARN_INT_CONVERSION = YES;
				CLANG_WARN_NON_LITERAL_NULL_CONVERSION = YES;
				CLANG_WARN_OBJC_IMPLICIT_RETAIN_SELF = YES;
				CLANG_WARN_OBJC_LITERAL_CONVERSION = YES;
				CLANG_WARN_OBJC_ROOT_CLASS = YES_ERROR;
				CLANG_WARN_RANGE_LOOP_ANALYSIS = YES;
				CLANG_WARN_STRICT_PROTOTYPES = YES;
				CLANG_WARN_SUSPICIOUS_MOVE = YES;
				CLANG_WARN_UNGUARDED_AVAILABILITY = YES_AGGRESSIVE;
				CLANG_WARN_UNREACHABLE_CODE = YES;
				CLANG_WARN__DUPLICATE_METHOD_MATCH = YES;
				CODE_SIGN_IDENTITY = "iPhone Developer";
				COPY_PHASE_STRIP = NO;
				DEBUG_INFORMATION_FORMAT = "dwarf-with-dsym";
				ENABLE_NS_ASSERTIONS = NO;
				ENABLE_STRICT_OBJC_MSGSEND = YES;
				GCC_C_LANGUAGE_STANDARD = gnu11;
				GCC_NO_COMMON_BLOCKS = YES;
				GCC_WARN_64_TO_32_BIT_CONVERSION = YES;
				GCC_WARN_ABOUT_RETURN_TYPE = YES_ERROR;
				GCC_WARN_UNDECLARED_SELECTOR = YES;
				GCC_WARN_UNINITIALIZED_AUTOS = YES_AGGRESSIVE;
				GCC_WARN_UNUSED_FUNCTION = YES;
				GCC_WARN_UNUSED_VARIABLE = YES;
				IPHONEOS_DEPLOYMENT_TARGET = 10.0;
				MTL_ENABLE_DEBUG_INFO = NO;
				SDKROOT = iphoneos;
				SWIFT_COMPILATION_MODE = wholemodule;
				SWIFT_OPTIMIZATION_LEVEL = "-O";
				VALIDATE_PRODUCT = YES;
			};
			name = Release;
		};
		B680834C20D846D00090362C /* Debug */ = {
			isa = XCBuildConfiguration;
			baseConfigurationReference = EE3B4DBAACBC453F900B53C1 /* Pods-FruitApp.debug.xcconfig */;
			buildSettings = {
				ALWAYS_EMBED_SWIFT_STANDARD_LIBRARIES = "$(inherited)";
				ASSETCATALOG_COMPILER_APPICON_NAME = AppIcon;
				CODE_SIGN_STYLE = Automatic;
				DEVELOPMENT_TEAM = BDD95TS3QC;
				INFOPLIST_FILE = FruitApp/Info.plist;
				LD_RUNPATH_SEARCH_PATHS = "$(inherited) @executable_path/Frameworks";
				PRODUCT_BUNDLE_IDENTIFIER = uk.co.bbc.ios.fruitapp;
				PRODUCT_NAME = "$(TARGET_NAME)";
				SWIFT_VERSION = 4.0;
				TARGETED_DEVICE_FAMILY = "1,2";
			};
			name = Debug;
		};
		B680834D20D846D00090362C /* Release */ = {
			isa = XCBuildConfiguration;
			baseConfigurationReference = 80F7E48293A8E78194C34FFF /* Pods-FruitApp.release.xcconfig */;
			buildSettings = {
				ALWAYS_EMBED_SWIFT_STANDARD_LIBRARIES = "$(inherited)";
				ASSETCATALOG_COMPILER_APPICON_NAME = AppIcon;
				CODE_SIGN_STYLE = Automatic;
				DEVELOPMENT_TEAM = BDD95TS3QC;
				INFOPLIST_FILE = FruitApp/Info.plist;
				LD_RUNPATH_SEARCH_PATHS = "$(inherited) @executable_path/Frameworks";
				PRODUCT_BUNDLE_IDENTIFIER = uk.co.bbc.ios.fruitapp;
				PRODUCT_NAME = "$(TARGET_NAME)";
				SWIFT_VERSION = 4.0;
				TARGETED_DEVICE_FAMILY = "1,2";
			};
			name = Release;
		};
		B680834F20D846D00090362C /* Debug */ = {
			isa = XCBuildConfiguration;
			baseConfigurationReference = 3C1950C0D1504FFA5D083776 /* Pods-FruitAppTests.debug.xcconfig */;
			buildSettings = {
				ALWAYS_EMBED_SWIFT_STANDARD_LIBRARIES = "$(inherited)";
				BUNDLE_LOADER = "$(TEST_HOST)";
				CODE_SIGN_STYLE = Automatic;
				DEVELOPMENT_TEAM = BDD95TS3QC;
				INFOPLIST_FILE = FruitAppTests/Info.plist;
				LD_RUNPATH_SEARCH_PATHS = "$(inherited) @executable_path/Frameworks @loader_path/Frameworks";
				PRODUCT_BUNDLE_IDENTIFIER = uk.co.bbc.ios.FruitAppTests;
				PRODUCT_NAME = "$(TARGET_NAME)";
				SWIFT_VERSION = 4.0;
				TARGETED_DEVICE_FAMILY = "1,2";
				TEST_HOST = "$(BUILT_PRODUCTS_DIR)/FruitApp.app/FruitApp";
			};
			name = Debug;
		};
		B680835020D846D00090362C /* Release */ = {
			isa = XCBuildConfiguration;
			baseConfigurationReference = 5B47C4A6CCF71CAE4112172A /* Pods-FruitAppTests.release.xcconfig */;
			buildSettings = {
				ALWAYS_EMBED_SWIFT_STANDARD_LIBRARIES = "$(inherited)";
				BUNDLE_LOADER = "$(TEST_HOST)";
				CODE_SIGN_STYLE = Automatic;
				DEVELOPMENT_TEAM = BDD95TS3QC;
				INFOPLIST_FILE = FruitAppTests/Info.plist;
				LD_RUNPATH_SEARCH_PATHS = "$(inherited) @executable_path/Frameworks @loader_path/Frameworks";
				PRODUCT_BUNDLE_IDENTIFIER = uk.co.bbc.ios.FruitAppTests;
				PRODUCT_NAME = "$(TARGET_NAME)";
				SWIFT_VERSION = 4.0;
				TARGETED_DEVICE_FAMILY = "1,2";
				TEST_HOST = "$(BUILT_PRODUCTS_DIR)/FruitApp.app/FruitApp";
			};
			name = Release;
		};
/* End XCBuildConfiguration section */

/* Begin XCConfigurationList section */
		B680832920D846CE0090362C /* Build configuration list for PBXProject "FruitApp" */ = {
			isa = XCConfigurationList;
			buildConfigurations = (
				B680834920D846D00090362C /* Debug */,
				B680834A20D846D00090362C /* Release */,
			);
			defaultConfigurationIsVisible = 0;
			defaultConfigurationName = Release;
		};
		B680834B20D846D00090362C /* Build configuration list for PBXNativeTarget "FruitApp" */ = {
			isa = XCConfigurationList;
			buildConfigurations = (
				B680834C20D846D00090362C /* Debug */,
				B680834D20D846D00090362C /* Release */,
			);
			defaultConfigurationIsVisible = 0;
			defaultConfigurationName = Release;
		};
		B680834E20D846D00090362C /* Build configuration list for PBXNativeTarget "FruitAppTests" */ = {
			isa = XCConfigurationList;
			buildConfigurations = (
				B680834F20D846D00090362C /* Debug */,
				B680835020D846D00090362C /* Release */,
			);
			defaultConfigurationIsVisible = 0;
			defaultConfigurationName = Release;
		};
/* End XCConfigurationList section */
	};
	rootObject = B680832620D846CE0090362C /* Project object */;
}
